// !$*UTF8*$!
{
	archiveVersion = 1;
	classes = {
	};
	objectVersion = 46;
	objects = {

/* Begin PBXBuildFile section */
		9614456C1C91DBAE00685E65 /* UIViewExtensions.swift in Sources */ = {isa = PBXBuildFile; fileRef = 9614456B1C91DBAE00685E65 /* UIViewExtensions.swift */; };
		967B4BDC1C8E561500D538CE /* AppDelegate.swift in Sources */ = {isa = PBXBuildFile; fileRef = 967B4BDB1C8E561500D538CE /* AppDelegate.swift */; };
		967B4BDE1C8E561500D538CE /* ViewController.swift in Sources */ = {isa = PBXBuildFile; fileRef = 967B4BDD1C8E561500D538CE /* ViewController.swift */; };
		967B4BE11C8E561500D538CE /* Main.storyboard in Resources */ = {isa = PBXBuildFile; fileRef = 967B4BDF1C8E561500D538CE /* Main.storyboard */; };
		967B4BE31C8E561500D538CE /* Assets.xcassets in Resources */ = {isa = PBXBuildFile; fileRef = 967B4BE21C8E561500D538CE /* Assets.xcassets */; };
		967B4BE61C8E561500D538CE /* LaunchScreen.storyboard in Resources */ = {isa = PBXBuildFile; fileRef = 967B4BE41C8E561500D538CE /* LaunchScreen.storyboard */; };
		967B4BF11C8E561500D538CE /* Watson_DialogTests.swift in Sources */ = {isa = PBXBuildFile; fileRef = 967B4BF01C8E561500D538CE /* Watson_DialogTests.swift */; };
		967B4BFC1C8E561500D538CE /* Watson_DialogUITests.swift in Sources */ = {isa = PBXBuildFile; fileRef = 967B4BFB1C8E561500D538CE /* Watson_DialogUITests.swift */; };
		967B4C711C8E627C00D538CE /* logo-20 (dragged).png in Resources */ = {isa = PBXBuildFile; fileRef = 967B4C2F1C8E627C00D538CE /* logo-20 (dragged).png */; };
		967B4C721C8E627C00D538CE /* logo-21 (dragged).png in Resources */ = {isa = PBXBuildFile; fileRef = 967B4C301C8E627C00D538CE /* logo-21 (dragged).png */; };
		967B4C731C8E627C00D538CE /* logo-22 (dragged).png in Resources */ = {isa = PBXBuildFile; fileRef = 967B4C311C8E627C00D538CE /* logo-22 (dragged).png */; };
		967B4C741C8E627C00D538CE /* logo-23 (dragged).png in Resources */ = {isa = PBXBuildFile; fileRef = 967B4C321C8E627C00D538CE /* logo-23 (dragged).png */; };
		967B4C751C8E627C00D538CE /* logo-24 (dragged).png in Resources */ = {isa = PBXBuildFile; fileRef = 967B4C331C8E627C00D538CE /* logo-24 (dragged).png */; };
		967B4C761C8E627C00D538CE /* logo-25 (dragged).png in Resources */ = {isa = PBXBuildFile; fileRef = 967B4C341C8E627C00D538CE /* logo-25 (dragged).png */; };
		967B4C771C8E627C00D538CE /* logo-26 (dragged).png in Resources */ = {isa = PBXBuildFile; fileRef = 967B4C351C8E627C00D538CE /* logo-26 (dragged).png */; };
		967B4C781C8E627C00D538CE /* logo-27 (dragged).png in Resources */ = {isa = PBXBuildFile; fileRef = 967B4C361C8E627C00D538CE /* logo-27 (dragged).png */; };
		967B4C791C8E627C00D538CE /* logo-28 (dragged).png in Resources */ = {isa = PBXBuildFile; fileRef = 967B4C371C8E627C00D538CE /* logo-28 (dragged).png */; };
		967B4C7A1C8E627C00D538CE /* logo-29 (dragged).png in Resources */ = {isa = PBXBuildFile; fileRef = 967B4C381C8E627C00D538CE /* logo-29 (dragged).png */; };
		967B4C7B1C8E627C00D538CE /* logo-30 (dragged).png in Resources */ = {isa = PBXBuildFile; fileRef = 967B4C391C8E627C00D538CE /* logo-30 (dragged).png */; };
		967B4C7C1C8E627C00D538CE /* logo-31 (dragged).png in Resources */ = {isa = PBXBuildFile; fileRef = 967B4C3A1C8E627C00D538CE /* logo-31 (dragged).png */; };
		967B4C7D1C8E627C00D538CE /* logo-32 (dragged).png in Resources */ = {isa = PBXBuildFile; fileRef = 967B4C3B1C8E627C00D538CE /* logo-32 (dragged).png */; };
		967B4C7E1C8E627C00D538CE /* logo-33 (dragged).png in Resources */ = {isa = PBXBuildFile; fileRef = 967B4C3C1C8E627C00D538CE /* logo-33 (dragged).png */; };
		967B4C7F1C8E627C00D538CE /* logo-34 (dragged).png in Resources */ = {isa = PBXBuildFile; fileRef = 967B4C3D1C8E627C00D538CE /* logo-34 (dragged).png */; };
		967B4C801C8E627C00D538CE /* logo-35 (dragged).png in Resources */ = {isa = PBXBuildFile; fileRef = 967B4C3E1C8E627C00D538CE /* logo-35 (dragged).png */; };
		967B4C811C8E627C00D538CE /* logo-36 (dragged).png in Resources */ = {isa = PBXBuildFile; fileRef = 967B4C3F1C8E627C00D538CE /* logo-36 (dragged).png */; };
		967B4C821C8E627C00D538CE /* logo-37 (dragged).png in Resources */ = {isa = PBXBuildFile; fileRef = 967B4C401C8E627C00D538CE /* logo-37 (dragged).png */; };
		967B4C831C8E627C00D538CE /* logo-38 (dragged).png in Resources */ = {isa = PBXBuildFile; fileRef = 967B4C411C8E627C00D538CE /* logo-38 (dragged).png */; };
		967B4C841C8E627C00D538CE /* logo-39 (dragged).png in Resources */ = {isa = PBXBuildFile; fileRef = 967B4C421C8E627C00D538CE /* logo-39 (dragged).png */; };
		967B4C851C8E627C00D538CE /* logo-40 (dragged).png in Resources */ = {isa = PBXBuildFile; fileRef = 967B4C431C8E627C00D538CE /* logo-40 (dragged).png */; };
		967B4C861C8E627C00D538CE /* logo-41 (dragged).png in Resources */ = {isa = PBXBuildFile; fileRef = 967B4C441C8E627C00D538CE /* logo-41 (dragged).png */; };
		967B4C871C8E627C00D538CE /* logo-42 (dragged).png in Resources */ = {isa = PBXBuildFile; fileRef = 967B4C451C8E627C00D538CE /* logo-42 (dragged).png */; };
		967B4C881C8E627C00D538CE /* logo-43 (dragged).png in Resources */ = {isa = PBXBuildFile; fileRef = 967B4C461C8E627C00D538CE /* logo-43 (dragged).png */; };
		967B4C891C8E627C00D538CE /* logo-44 (dragged).png in Resources */ = {isa = PBXBuildFile; fileRef = 967B4C471C8E627C00D538CE /* logo-44 (dragged).png */; };
		967B4C8A1C8E627C00D538CE /* logo-45 (dragged).png in Resources */ = {isa = PBXBuildFile; fileRef = 967B4C481C8E627C00D538CE /* logo-45 (dragged).png */; };
		967B4C8B1C8E627C00D538CE /* logo-46 (dragged).png in Resources */ = {isa = PBXBuildFile; fileRef = 967B4C491C8E627C00D538CE /* logo-46 (dragged).png */; };
		967B4C8C1C8E627C00D538CE /* logo-47 (dragged).png in Resources */ = {isa = PBXBuildFile; fileRef = 967B4C4A1C8E627C00D538CE /* logo-47 (dragged).png */; };
		967B4C8D1C8E627C00D538CE /* logo-48 (dragged).png in Resources */ = {isa = PBXBuildFile; fileRef = 967B4C4B1C8E627C00D538CE /* logo-48 (dragged).png */; };
		967B4C8E1C8E627C00D538CE /* logo-49 (dragged).png in Resources */ = {isa = PBXBuildFile; fileRef = 967B4C4C1C8E627C00D538CE /* logo-49 (dragged).png */; };
		967B4C8F1C8E627C00D538CE /* logo-50 (dragged).png in Resources */ = {isa = PBXBuildFile; fileRef = 967B4C4D1C8E627C00D538CE /* logo-50 (dragged).png */; };
		967B4C901C8E627C00D538CE /* logo-51 (dragged).png in Resources */ = {isa = PBXBuildFile; fileRef = 967B4C4E1C8E627C00D538CE /* logo-51 (dragged).png */; };
		967B4C911C8E627C00D538CE /* logo-52 (dragged).png in Resources */ = {isa = PBXBuildFile; fileRef = 967B4C4F1C8E627C00D538CE /* logo-52 (dragged).png */; };
		967B4C921C8E627C00D538CE /* logo-53 (dragged).png in Resources */ = {isa = PBXBuildFile; fileRef = 967B4C501C8E627C00D538CE /* logo-53 (dragged).png */; };
		967B4C931C8E627C00D538CE /* logo-54 (dragged).png in Resources */ = {isa = PBXBuildFile; fileRef = 967B4C511C8E627C00D538CE /* logo-54 (dragged).png */; };
		967B4C941C8E627C00D538CE /* logo-55 (dragged).png in Resources */ = {isa = PBXBuildFile; fileRef = 967B4C521C8E627C00D538CE /* logo-55 (dragged).png */; };
		967B4C951C8E627C00D538CE /* logo-56 (dragged).png in Resources */ = {isa = PBXBuildFile; fileRef = 967B4C531C8E627C00D538CE /* logo-56 (dragged).png */; };
		967B4C961C8E627C00D538CE /* logo-57 (dragged).png in Resources */ = {isa = PBXBuildFile; fileRef = 967B4C541C8E627C00D538CE /* logo-57 (dragged).png */; };
		967B4C971C8E627C00D538CE /* logo-58 (dragged).png in Resources */ = {isa = PBXBuildFile; fileRef = 967B4C551C8E627C00D538CE /* logo-58 (dragged).png */; };
		967B4C981C8E627C00D538CE /* logo-59 (dragged).png in Resources */ = {isa = PBXBuildFile; fileRef = 967B4C561C8E627C00D538CE /* logo-59 (dragged).png */; };
		967B4C991C8E627C00D538CE /* logo-60 (dragged).png in Resources */ = {isa = PBXBuildFile; fileRef = 967B4C571C8E627C00D538CE /* logo-60 (dragged).png */; };
		967B4C9A1C8E627C00D538CE /* logo-61 (dragged).png in Resources */ = {isa = PBXBuildFile; fileRef = 967B4C581C8E627C00D538CE /* logo-61 (dragged).png */; };
		967B4C9B1C8E627C00D538CE /* logo-62 (dragged).png in Resources */ = {isa = PBXBuildFile; fileRef = 967B4C591C8E627C00D538CE /* logo-62 (dragged).png */; };
		967B4C9C1C8E627C00D538CE /* logo-63 (dragged).png in Resources */ = {isa = PBXBuildFile; fileRef = 967B4C5A1C8E627C00D538CE /* logo-63 (dragged).png */; };
		967B4C9D1C8E627C00D538CE /* logo-64 (dragged).png in Resources */ = {isa = PBXBuildFile; fileRef = 967B4C5B1C8E627C00D538CE /* logo-64 (dragged).png */; };
		967B4C9E1C8E627C00D538CE /* logo-65 (dragged).png in Resources */ = {isa = PBXBuildFile; fileRef = 967B4C5C1C8E627C00D538CE /* logo-65 (dragged).png */; };
		967B4C9F1C8E627C00D538CE /* logo-66 (dragged).png in Resources */ = {isa = PBXBuildFile; fileRef = 967B4C5D1C8E627C00D538CE /* logo-66 (dragged).png */; };
		967B4CA01C8E627C00D538CE /* logo-67 (dragged).png in Resources */ = {isa = PBXBuildFile; fileRef = 967B4C5E1C8E627C00D538CE /* logo-67 (dragged).png */; };
		967B4CA11C8E627C00D538CE /* logo-68 (dragged).png in Resources */ = {isa = PBXBuildFile; fileRef = 967B4C5F1C8E627C00D538CE /* logo-68 (dragged).png */; };
		967B4CA21C8E627C00D538CE /* logo-69 (dragged).png in Resources */ = {isa = PBXBuildFile; fileRef = 967B4C601C8E627C00D538CE /* logo-69 (dragged).png */; };
		967B4CA31C8E627C00D538CE /* logo-70 (dragged).png in Resources */ = {isa = PBXBuildFile; fileRef = 967B4C611C8E627C00D538CE /* logo-70 (dragged).png */; };
		967B4CA41C8E627C00D538CE /* logo-71 (dragged).png in Resources */ = {isa = PBXBuildFile; fileRef = 967B4C621C8E627C00D538CE /* logo-71 (dragged).png */; };
		967B4CA51C8E627C00D538CE /* logo-72 (dragged).png in Resources */ = {isa = PBXBuildFile; fileRef = 967B4C631C8E627C00D538CE /* logo-72 (dragged).png */; };
		967B4CA61C8E627C00D538CE /* logo-73 (dragged).png in Resources */ = {isa = PBXBuildFile; fileRef = 967B4C641C8E627C00D538CE /* logo-73 (dragged).png */; };
		967B4CA71C8E627C00D538CE /* logo-74 (dragged).png in Resources */ = {isa = PBXBuildFile; fileRef = 967B4C651C8E627C00D538CE /* logo-74 (dragged).png */; };
		967B4CA81C8E627C00D538CE /* logo-75 (dragged).png in Resources */ = {isa = PBXBuildFile; fileRef = 967B4C661C8E627C00D538CE /* logo-75 (dragged).png */; };
		967B4CA91C8E627C00D538CE /* logo-76 (dragged).png in Resources */ = {isa = PBXBuildFile; fileRef = 967B4C671C8E627C00D538CE /* logo-76 (dragged).png */; };
		967B4CAA1C8E627C00D538CE /* logo-77 (dragged).png in Resources */ = {isa = PBXBuildFile; fileRef = 967B4C681C8E627C00D538CE /* logo-77 (dragged).png */; };
		967B4CAB1C8E627C00D538CE /* logo-78 (dragged).png in Resources */ = {isa = PBXBuildFile; fileRef = 967B4C691C8E627C00D538CE /* logo-78 (dragged).png */; };
		967B4CAC1C8E627C00D538CE /* logo-79 (dragged).png in Resources */ = {isa = PBXBuildFile; fileRef = 967B4C6A1C8E627C00D538CE /* logo-79 (dragged).png */; };
		967B4CAD1C8E627C00D538CE /* logo-80 (dragged).png in Resources */ = {isa = PBXBuildFile; fileRef = 967B4C6B1C8E627C00D538CE /* logo-80 (dragged).png */; };
		967B4CAE1C8E627C00D538CE /* logo-81 (dragged).png in Resources */ = {isa = PBXBuildFile; fileRef = 967B4C6C1C8E627C00D538CE /* logo-81 (dragged).png */; };
		967B4CAF1C8E627C00D538CE /* logo-82 (dragged).png in Resources */ = {isa = PBXBuildFile; fileRef = 967B4C6D1C8E627C00D538CE /* logo-82 (dragged).png */; };
		967B4CB01C8E627C00D538CE /* logo-83 (dragged).png in Resources */ = {isa = PBXBuildFile; fileRef = 967B4C6E1C8E627C00D538CE /* logo-83 (dragged).png */; };
		967B4CB11C8E627C00D538CE /* logo-84 (dragged).png in Resources */ = {isa = PBXBuildFile; fileRef = 967B4C6F1C8E627C00D538CE /* logo-84 (dragged).png */; };
		967B4CB21C8E627C00D538CE /* logo-85 (dragged).png in Resources */ = {isa = PBXBuildFile; fileRef = 967B4C701C8E627C00D538CE /* logo-85 (dragged).png */; };
		96B605C01C8F38E1004ABBE1 /* SecondViewController.swift in Sources */ = {isa = PBXBuildFile; fileRef = 96B605BF1C8F38E1004ABBE1 /* SecondViewController.swift */; };
		96DDF5C31C90C2EA006B21A0 /* logo-1 (dragged).png in Resources */ = {isa = PBXBuildFile; fileRef = 96DDF56E1C90C2EA006B21A0 /* logo-1 (dragged).png */; };
		96DDF5C41C90C2EA006B21A0 /* logo-2 (dragged).png in Resources */ = {isa = PBXBuildFile; fileRef = 96DDF56F1C90C2EA006B21A0 /* logo-2 (dragged).png */; };
		96DDF5C51C90C2EA006B21A0 /* logo-3 (dragged).png in Resources */ = {isa = PBXBuildFile; fileRef = 96DDF5701C90C2EA006B21A0 /* logo-3 (dragged).png */; };
		96DDF5C61C90C2EA006B21A0 /* logo-4 (dragged).png in Resources */ = {isa = PBXBuildFile; fileRef = 96DDF5711C90C2EA006B21A0 /* logo-4 (dragged).png */; };
		96DDF5C71C90C2EA006B21A0 /* logo-5 (dragged).png in Resources */ = {isa = PBXBuildFile; fileRef = 96DDF5721C90C2EA006B21A0 /* logo-5 (dragged).png */; };
		96DDF5C81C90C2EA006B21A0 /* logo-6 (dragged).png in Resources */ = {isa = PBXBuildFile; fileRef = 96DDF5731C90C2EA006B21A0 /* logo-6 (dragged).png */; };
		96DDF5C91C90C2EA006B21A0 /* logo-7 (dragged).png in Resources */ = {isa = PBXBuildFile; fileRef = 96DDF5741C90C2EA006B21A0 /* logo-7 (dragged).png */; };
		96DDF5CA1C90C2EA006B21A0 /* logo-8 (dragged).png in Resources */ = {isa = PBXBuildFile; fileRef = 96DDF5751C90C2EA006B21A0 /* logo-8 (dragged).png */; };
		96DDF5CB1C90C2EA006B21A0 /* logo-9 (dragged).png in Resources */ = {isa = PBXBuildFile; fileRef = 96DDF5761C90C2EA006B21A0 /* logo-9 (dragged).png */; };
		96DDF5CC1C90C2EA006B21A0 /* logo-10 (dragged).png in Resources */ = {isa = PBXBuildFile; fileRef = 96DDF5771C90C2EA006B21A0 /* logo-10 (dragged).png */; };
		96DDF5CD1C90C2EA006B21A0 /* logo-11 (dragged).png in Resources */ = {isa = PBXBuildFile; fileRef = 96DDF5781C90C2EA006B21A0 /* logo-11 (dragged).png */; };
		96DDF5CE1C90C2EA006B21A0 /* logo-12 (dragged).png in Resources */ = {isa = PBXBuildFile; fileRef = 96DDF5791C90C2EA006B21A0 /* logo-12 (dragged).png */; };
		96DDF5CF1C90C2EA006B21A0 /* logo-13 (dragged).png in Resources */ = {isa = PBXBuildFile; fileRef = 96DDF57A1C90C2EA006B21A0 /* logo-13 (dragged).png */; };
		96DDF5D01C90C2EA006B21A0 /* logo-14 (dragged).png in Resources */ = {isa = PBXBuildFile; fileRef = 96DDF57B1C90C2EA006B21A0 /* logo-14 (dragged).png */; };
		96DDF5D11C90C2EA006B21A0 /* logo-15 (dragged).png in Resources */ = {isa = PBXBuildFile; fileRef = 96DDF57C1C90C2EA006B21A0 /* logo-15 (dragged).png */; };
		96DDF5D21C90C2EA006B21A0 /* logo-16 (dragged).png in Resources */ = {isa = PBXBuildFile; fileRef = 96DDF57D1C90C2EA006B21A0 /* logo-16 (dragged).png */; };
		96DDF5D31C90C2EA006B21A0 /* logo-17 (dragged).png in Resources */ = {isa = PBXBuildFile; fileRef = 96DDF57E1C90C2EA006B21A0 /* logo-17 (dragged).png */; };
		96DDF5D41C90C2EA006B21A0 /* logo-18 (dragged).png in Resources */ = {isa = PBXBuildFile; fileRef = 96DDF57F1C90C2EA006B21A0 /* logo-18 (dragged).png */; };
		96DDF5D51C90C2EA006B21A0 /* logo-19 (dragged).png in Resources */ = {isa = PBXBuildFile; fileRef = 96DDF5801C90C2EA006B21A0 /* logo-19 (dragged).png */; };
		96DDF5D61C90C2EA006B21A0 /* logo-20 (dragged).png in Resources */ = {isa = PBXBuildFile; fileRef = 96DDF5811C90C2EA006B21A0 /* logo-20 (dragged).png */; };
		96DDF5D71C90C2EA006B21A0 /* logo-21 (dragged).png in Resources */ = {isa = PBXBuildFile; fileRef = 96DDF5821C90C2EA006B21A0 /* logo-21 (dragged).png */; };
		96DDF5D81C90C2EA006B21A0 /* logo-22 (dragged).png in Resources */ = {isa = PBXBuildFile; fileRef = 96DDF5831C90C2EA006B21A0 /* logo-22 (dragged).png */; };
		96DDF5D91C90C2EA006B21A0 /* logo-23 (dragged).png in Resources */ = {isa = PBXBuildFile; fileRef = 96DDF5841C90C2EA006B21A0 /* logo-23 (dragged).png */; };
		96DDF5DA1C90C2EA006B21A0 /* logo-24 (dragged).png in Resources */ = {isa = PBXBuildFile; fileRef = 96DDF5851C90C2EA006B21A0 /* logo-24 (dragged).png */; };
		96DDF5DB1C90C2EA006B21A0 /* logo-25 (dragged).png in Resources */ = {isa = PBXBuildFile; fileRef = 96DDF5861C90C2EA006B21A0 /* logo-25 (dragged).png */; };
		96DDF5DC1C90C2EA006B21A0 /* logo-26 (dragged).png in Resources */ = {isa = PBXBuildFile; fileRef = 96DDF5871C90C2EA006B21A0 /* logo-26 (dragged).png */; };
		96DDF5DD1C90C2EA006B21A0 /* logo-27 (dragged).png in Resources */ = {isa = PBXBuildFile; fileRef = 96DDF5881C90C2EA006B21A0 /* logo-27 (dragged).png */; };
		96DDF5DE1C90C2EA006B21A0 /* logo-28 (dragged).png in Resources */ = {isa = PBXBuildFile; fileRef = 96DDF5891C90C2EA006B21A0 /* logo-28 (dragged).png */; };
		96DDF5DF1C90C2EA006B21A0 /* logo-29 (dragged).png in Resources */ = {isa = PBXBuildFile; fileRef = 96DDF58A1C90C2EA006B21A0 /* logo-29 (dragged).png */; };
		96DDF5E01C90C2EA006B21A0 /* logo-30 (dragged).png in Resources */ = {isa = PBXBuildFile; fileRef = 96DDF58B1C90C2EA006B21A0 /* logo-30 (dragged).png */; };
		96DDF5E11C90C2EA006B21A0 /* logo-31 (dragged).png in Resources */ = {isa = PBXBuildFile; fileRef = 96DDF58C1C90C2EA006B21A0 /* logo-31 (dragged).png */; };
		96DDF5E21C90C2EA006B21A0 /* logo-32 (dragged).png in Resources */ = {isa = PBXBuildFile; fileRef = 96DDF58D1C90C2EA006B21A0 /* logo-32 (dragged).png */; };
		96DDF5E31C90C2EA006B21A0 /* logo-33 (dragged).png in Resources */ = {isa = PBXBuildFile; fileRef = 96DDF58E1C90C2EA006B21A0 /* logo-33 (dragged).png */; };
		96DDF5E41C90C2EA006B21A0 /* logo-34 (dragged).png in Resources */ = {isa = PBXBuildFile; fileRef = 96DDF58F1C90C2EA006B21A0 /* logo-34 (dragged).png */; };
		96DDF5E51C90C2EA006B21A0 /* logo-35 (dragged).png in Resources */ = {isa = PBXBuildFile; fileRef = 96DDF5901C90C2EA006B21A0 /* logo-35 (dragged).png */; };
		96DDF5E61C90C2EA006B21A0 /* logo-36 (dragged).png in Resources */ = {isa = PBXBuildFile; fileRef = 96DDF5911C90C2EA006B21A0 /* logo-36 (dragged).png */; };
		96DDF5E71C90C2EA006B21A0 /* logo-37 (dragged).png in Resources */ = {isa = PBXBuildFile; fileRef = 96DDF5921C90C2EA006B21A0 /* logo-37 (dragged).png */; };
		96DDF5E81C90C2EA006B21A0 /* logo-38 (dragged).png in Resources */ = {isa = PBXBuildFile; fileRef = 96DDF5931C90C2EA006B21A0 /* logo-38 (dragged).png */; };
		96DDF5E91C90C2EA006B21A0 /* logo-39 (dragged).png in Resources */ = {isa = PBXBuildFile; fileRef = 96DDF5941C90C2EA006B21A0 /* logo-39 (dragged).png */; };
		96DDF5EA1C90C2EA006B21A0 /* logo-40 (dragged).png in Resources */ = {isa = PBXBuildFile; fileRef = 96DDF5951C90C2EA006B21A0 /* logo-40 (dragged).png */; };
		96DDF5EB1C90C2EA006B21A0 /* logo-41 (dragged).png in Resources */ = {isa = PBXBuildFile; fileRef = 96DDF5961C90C2EA006B21A0 /* logo-41 (dragged).png */; };
		96DDF5EC1C90C2EA006B21A0 /* logo-42 (dragged).png in Resources */ = {isa = PBXBuildFile; fileRef = 96DDF5971C90C2EA006B21A0 /* logo-42 (dragged).png */; };
		96DDF5ED1C90C2EA006B21A0 /* logo-43 (dragged).png in Resources */ = {isa = PBXBuildFile; fileRef = 96DDF5981C90C2EA006B21A0 /* logo-43 (dragged).png */; };
		96DDF5EE1C90C2EA006B21A0 /* logo-44 (dragged).png in Resources */ = {isa = PBXBuildFile; fileRef = 96DDF5991C90C2EA006B21A0 /* logo-44 (dragged).png */; };
		96DDF5EF1C90C2EA006B21A0 /* logo-45 (dragged).png in Resources */ = {isa = PBXBuildFile; fileRef = 96DDF59A1C90C2EA006B21A0 /* logo-45 (dragged).png */; };
		96DDF5F01C90C2EA006B21A0 /* logo-46 (dragged).png in Resources */ = {isa = PBXBuildFile; fileRef = 96DDF59B1C90C2EA006B21A0 /* logo-46 (dragged).png */; };
		96DDF5F11C90C2EA006B21A0 /* logo-47 (dragged).png in Resources */ = {isa = PBXBuildFile; fileRef = 96DDF59C1C90C2EA006B21A0 /* logo-47 (dragged).png */; };
		96DDF5F21C90C2EA006B21A0 /* logo-48 (dragged).png in Resources */ = {isa = PBXBuildFile; fileRef = 96DDF59D1C90C2EA006B21A0 /* logo-48 (dragged).png */; };
		96DDF5F31C90C2EA006B21A0 /* logo-49 (dragged).png in Resources */ = {isa = PBXBuildFile; fileRef = 96DDF59E1C90C2EA006B21A0 /* logo-49 (dragged).png */; };
		96DDF5F41C90C2EA006B21A0 /* logo-50 (dragged).png in Resources */ = {isa = PBXBuildFile; fileRef = 96DDF59F1C90C2EA006B21A0 /* logo-50 (dragged).png */; };
		96DDF5F51C90C2EA006B21A0 /* logo-51 (dragged).png in Resources */ = {isa = PBXBuildFile; fileRef = 96DDF5A01C90C2EA006B21A0 /* logo-51 (dragged).png */; };
		96DDF5F61C90C2EA006B21A0 /* logo-52 (dragged).png in Resources */ = {isa = PBXBuildFile; fileRef = 96DDF5A11C90C2EA006B21A0 /* logo-52 (dragged).png */; };
		96DDF5F71C90C2EA006B21A0 /* logo-53 (dragged).png in Resources */ = {isa = PBXBuildFile; fileRef = 96DDF5A21C90C2EA006B21A0 /* logo-53 (dragged).png */; };
		96DDF5F81C90C2EA006B21A0 /* logo-54 (dragged).png in Resources */ = {isa = PBXBuildFile; fileRef = 96DDF5A31C90C2EA006B21A0 /* logo-54 (dragged).png */; };
		96DDF5F91C90C2EA006B21A0 /* logo-55 (dragged).png in Resources */ = {isa = PBXBuildFile; fileRef = 96DDF5A41C90C2EA006B21A0 /* logo-55 (dragged).png */; };
		96DDF5FA1C90C2EA006B21A0 /* logo-56 (dragged).png in Resources */ = {isa = PBXBuildFile; fileRef = 96DDF5A51C90C2EA006B21A0 /* logo-56 (dragged).png */; };
		96DDF5FB1C90C2EA006B21A0 /* logo-57 (dragged).png in Resources */ = {isa = PBXBuildFile; fileRef = 96DDF5A61C90C2EA006B21A0 /* logo-57 (dragged).png */; };
		96DDF5FC1C90C2EA006B21A0 /* logo-58 (dragged).png in Resources */ = {isa = PBXBuildFile; fileRef = 96DDF5A71C90C2EA006B21A0 /* logo-58 (dragged).png */; };
		96DDF5FD1C90C2EA006B21A0 /* logo-59 (dragged).png in Resources */ = {isa = PBXBuildFile; fileRef = 96DDF5A81C90C2EA006B21A0 /* logo-59 (dragged).png */; };
		96DDF5FE1C90C2EA006B21A0 /* logo-60 (dragged).png in Resources */ = {isa = PBXBuildFile; fileRef = 96DDF5A91C90C2EA006B21A0 /* logo-60 (dragged).png */; };
		96DDF5FF1C90C2EA006B21A0 /* logo-61 (dragged).png in Resources */ = {isa = PBXBuildFile; fileRef = 96DDF5AA1C90C2EA006B21A0 /* logo-61 (dragged).png */; };
		96DDF6001C90C2EA006B21A0 /* logo-62 (dragged).png in Resources */ = {isa = PBXBuildFile; fileRef = 96DDF5AB1C90C2EA006B21A0 /* logo-62 (dragged).png */; };
		96DDF6011C90C2EA006B21A0 /* logo-63 (dragged).png in Resources */ = {isa = PBXBuildFile; fileRef = 96DDF5AC1C90C2EA006B21A0 /* logo-63 (dragged).png */; };
		96DDF6021C90C2EA006B21A0 /* logo-64 (dragged).png in Resources */ = {isa = PBXBuildFile; fileRef = 96DDF5AD1C90C2EA006B21A0 /* logo-64 (dragged).png */; };
		96DDF6031C90C2EA006B21A0 /* logo-65 (dragged).png in Resources */ = {isa = PBXBuildFile; fileRef = 96DDF5AE1C90C2EA006B21A0 /* logo-65 (dragged).png */; };
		96DDF6041C90C2EA006B21A0 /* logo-66 (dragged).png in Resources */ = {isa = PBXBuildFile; fileRef = 96DDF5AF1C90C2EA006B21A0 /* logo-66 (dragged).png */; };
		96DDF6051C90C2EA006B21A0 /* logo-67 (dragged).png in Resources */ = {isa = PBXBuildFile; fileRef = 96DDF5B01C90C2EA006B21A0 /* logo-67 (dragged).png */; };
		96DDF6061C90C2EA006B21A0 /* logo-68 (dragged).png in Resources */ = {isa = PBXBuildFile; fileRef = 96DDF5B11C90C2EA006B21A0 /* logo-68 (dragged).png */; };
		96DDF6071C90C2EA006B21A0 /* logo-69 (dragged).png in Resources */ = {isa = PBXBuildFile; fileRef = 96DDF5B21C90C2EA006B21A0 /* logo-69 (dragged).png */; };
		96DDF6081C90C2EA006B21A0 /* logo-70 (dragged).png in Resources */ = {isa = PBXBuildFile; fileRef = 96DDF5B31C90C2EA006B21A0 /* logo-70 (dragged).png */; };
		96DDF6091C90C2EA006B21A0 /* logo-71 (dragged).png in Resources */ = {isa = PBXBuildFile; fileRef = 96DDF5B41C90C2EA006B21A0 /* logo-71 (dragged).png */; };
		96DDF60A1C90C2EA006B21A0 /* logo-72 (dragged).png in Resources */ = {isa = PBXBuildFile; fileRef = 96DDF5B51C90C2EA006B21A0 /* logo-72 (dragged).png */; };
		96DDF60B1C90C2EA006B21A0 /* logo-73 (dragged).png in Resources */ = {isa = PBXBuildFile; fileRef = 96DDF5B61C90C2EA006B21A0 /* logo-73 (dragged).png */; };
		96DDF60C1C90C2EA006B21A0 /* logo-74 (dragged).png in Resources */ = {isa = PBXBuildFile; fileRef = 96DDF5B71C90C2EA006B21A0 /* logo-74 (dragged).png */; };
		96DDF60D1C90C2EA006B21A0 /* logo-75 (dragged).png in Resources */ = {isa = PBXBuildFile; fileRef = 96DDF5B81C90C2EA006B21A0 /* logo-75 (dragged).png */; };
		96DDF60E1C90C2EA006B21A0 /* logo-76 (dragged).png in Resources */ = {isa = PBXBuildFile; fileRef = 96DDF5B91C90C2EA006B21A0 /* logo-76 (dragged).png */; };
		96DDF60F1C90C2EA006B21A0 /* logo-77 (dragged).png in Resources */ = {isa = PBXBuildFile; fileRef = 96DDF5BA1C90C2EA006B21A0 /* logo-77 (dragged).png */; };
		96DDF6101C90C2EA006B21A0 /* logo-78 (dragged).png in Resources */ = {isa = PBXBuildFile; fileRef = 96DDF5BB1C90C2EA006B21A0 /* logo-78 (dragged).png */; };
		96DDF6111C90C2EA006B21A0 /* logo-79 (dragged).png in Resources */ = {isa = PBXBuildFile; fileRef = 96DDF5BC1C90C2EA006B21A0 /* logo-79 (dragged).png */; };
		96DDF6121C90C2EA006B21A0 /* logo-80 (dragged).png in Resources */ = {isa = PBXBuildFile; fileRef = 96DDF5BD1C90C2EA006B21A0 /* logo-80 (dragged).png */; };
		96DDF6131C90C2EA006B21A0 /* logo-81 (dragged).png in Resources */ = {isa = PBXBuildFile; fileRef = 96DDF5BE1C90C2EA006B21A0 /* logo-81 (dragged).png */; };
		96DDF6141C90C2EA006B21A0 /* logo-82 (dragged).png in Resources */ = {isa = PBXBuildFile; fileRef = 96DDF5BF1C90C2EA006B21A0 /* logo-82 (dragged).png */; };
		96DDF6151C90C2EA006B21A0 /* logo-83 (dragged).png in Resources */ = {isa = PBXBuildFile; fileRef = 96DDF5C01C90C2EA006B21A0 /* logo-83 (dragged).png */; };
		96DDF6161C90C2EA006B21A0 /* logo-84 (dragged).png in Resources */ = {isa = PBXBuildFile; fileRef = 96DDF5C11C90C2EA006B21A0 /* logo-84 (dragged).png */; };
		96DDF6171C90C2EA006B21A0 /* logo-85 (dragged).png in Resources */ = {isa = PBXBuildFile; fileRef = 96DDF5C21C90C2EA006B21A0 /* logo-85 (dragged).png */; };
/* End PBXBuildFile section */

/* Begin PBXContainerItemProxy section */
		967B4BED1C8E561500D538CE /* PBXContainerItemProxy */ = {
			isa = PBXContainerItemProxy;
			containerPortal = 967B4BD01C8E561500D538CE /* Project object */;
			proxyType = 1;
			remoteGlobalIDString = 967B4BD71C8E561500D538CE;
			remoteInfo = Watson_Dialog;
		};
		967B4BF81C8E561500D538CE /* PBXContainerItemProxy */ = {
			isa = PBXContainerItemProxy;
			containerPortal = 967B4BD01C8E561500D538CE /* Project object */;
			proxyType = 1;
			remoteGlobalIDString = 967B4BD71C8E561500D538CE;
			remoteInfo = Watson_Dialog;
		};
/* End PBXContainerItemProxy section */

/* Begin PBXFileReference section */
		9614456B1C91DBAE00685E65 /* UIViewExtensions.swift */ = {isa = PBXFileReference; fileEncoding = 4; lastKnownFileType = sourcecode.swift; path = UIViewExtensions.swift; sourceTree = "<group>"; };
		967B4BD81C8E561500D538CE /* Watson_Dialog.app */ = {isa = PBXFileReference; explicitFileType = wrapper.application; includeInIndex = 0; path = Watson_Dialog.app; sourceTree = BUILT_PRODUCTS_DIR; };
		967B4BDB1C8E561500D538CE /* AppDelegate.swift */ = {isa = PBXFileReference; lastKnownFileType = sourcecode.swift; path = AppDelegate.swift; sourceTree = "<group>"; };
		967B4BDD1C8E561500D538CE /* ViewController.swift */ = {isa = PBXFileReference; lastKnownFileType = sourcecode.swift; path = ViewController.swift; sourceTree = "<group>"; };
		967B4BE01C8E561500D538CE /* Base */ = {isa = PBXFileReference; lastKnownFileType = file.storyboard; name = Base; path = Base.lproj/Main.storyboard; sourceTree = "<group>"; };
		967B4BE21C8E561500D538CE /* Assets.xcassets */ = {isa = PBXFileReference; lastKnownFileType = folder.assetcatalog; path = Assets.xcassets; sourceTree = "<group>"; };
		967B4BE51C8E561500D538CE /* Base */ = {isa = PBXFileReference; lastKnownFileType = file.storyboard; name = Base; path = Base.lproj/LaunchScreen.storyboard; sourceTree = "<group>"; };
		967B4BE71C8E561500D538CE /* Info.plist */ = {isa = PBXFileReference; lastKnownFileType = text.plist.xml; path = Info.plist; sourceTree = "<group>"; };
		967B4BEC1C8E561500D538CE /* Watson_DialogTests.xctest */ = {isa = PBXFileReference; explicitFileType = wrapper.cfbundle; includeInIndex = 0; path = Watson_DialogTests.xctest; sourceTree = BUILT_PRODUCTS_DIR; };
		967B4BF01C8E561500D538CE /* Watson_DialogTests.swift */ = {isa = PBXFileReference; lastKnownFileType = sourcecode.swift; path = Watson_DialogTests.swift; sourceTree = "<group>"; };
		967B4BF21C8E561500D538CE /* Info.plist */ = {isa = PBXFileReference; lastKnownFileType = text.plist.xml; path = Info.plist; sourceTree = "<group>"; };
		967B4BF71C8E561500D538CE /* Watson_DialogUITests.xctest */ = {isa = PBXFileReference; explicitFileType = wrapper.cfbundle; includeInIndex = 0; path = Watson_DialogUITests.xctest; sourceTree = BUILT_PRODUCTS_DIR; };
		967B4BFB1C8E561500D538CE /* Watson_DialogUITests.swift */ = {isa = PBXFileReference; lastKnownFileType = sourcecode.swift; path = Watson_DialogUITests.swift; sourceTree = "<group>"; };
		967B4BFD1C8E561500D538CE /* Info.plist */ = {isa = PBXFileReference; lastKnownFileType = text.plist.xml; path = Info.plist; sourceTree = "<group>"; };
		967B4C2F1C8E627C00D538CE /* logo-20 (dragged).png */ = {isa = PBXFileReference; lastKnownFileType = image.png; name = "logo-20 (dragged).png"; path = "../../watson_logo/logo-20 (dragged).png"; sourceTree = "<group>"; };
		967B4C301C8E627C00D538CE /* logo-21 (dragged).png */ = {isa = PBXFileReference; lastKnownFileType = image.png; name = "logo-21 (dragged).png"; path = "../../watson_logo/logo-21 (dragged).png"; sourceTree = "<group>"; };
		967B4C311C8E627C00D538CE /* logo-22 (dragged).png */ = {isa = PBXFileReference; lastKnownFileType = image.png; name = "logo-22 (dragged).png"; path = "../../watson_logo/logo-22 (dragged).png"; sourceTree = "<group>"; };
		967B4C321C8E627C00D538CE /* logo-23 (dragged).png */ = {isa = PBXFileReference; lastKnownFileType = image.png; name = "logo-23 (dragged).png"; path = "../../watson_logo/logo-23 (dragged).png"; sourceTree = "<group>"; };
		967B4C331C8E627C00D538CE /* logo-24 (dragged).png */ = {isa = PBXFileReference; lastKnownFileType = image.png; name = "logo-24 (dragged).png"; path = "../../watson_logo/logo-24 (dragged).png"; sourceTree = "<group>"; };
		967B4C341C8E627C00D538CE /* logo-25 (dragged).png */ = {isa = PBXFileReference; lastKnownFileType = image.png; name = "logo-25 (dragged).png"; path = "../../watson_logo/logo-25 (dragged).png"; sourceTree = "<group>"; };
		967B4C351C8E627C00D538CE /* logo-26 (dragged).png */ = {isa = PBXFileReference; lastKnownFileType = image.png; name = "logo-26 (dragged).png"; path = "../../watson_logo/logo-26 (dragged).png"; sourceTree = "<group>"; };
		967B4C361C8E627C00D538CE /* logo-27 (dragged).png */ = {isa = PBXFileReference; lastKnownFileType = image.png; name = "logo-27 (dragged).png"; path = "../../watson_logo/logo-27 (dragged).png"; sourceTree = "<group>"; };
		967B4C371C8E627C00D538CE /* logo-28 (dragged).png */ = {isa = PBXFileReference; lastKnownFileType = image.png; name = "logo-28 (dragged).png"; path = "../../watson_logo/logo-28 (dragged).png"; sourceTree = "<group>"; };
		967B4C381C8E627C00D538CE /* logo-29 (dragged).png */ = {isa = PBXFileReference; lastKnownFileType = image.png; name = "logo-29 (dragged).png"; path = "../../watson_logo/logo-29 (dragged).png"; sourceTree = "<group>"; };
		967B4C391C8E627C00D538CE /* logo-30 (dragged).png */ = {isa = PBXFileReference; lastKnownFileType = image.png; name = "logo-30 (dragged).png"; path = "../../watson_logo/logo-30 (dragged).png"; sourceTree = "<group>"; };
		967B4C3A1C8E627C00D538CE /* logo-31 (dragged).png */ = {isa = PBXFileReference; lastKnownFileType = image.png; name = "logo-31 (dragged).png"; path = "../../watson_logo/logo-31 (dragged).png"; sourceTree = "<group>"; };
		967B4C3B1C8E627C00D538CE /* logo-32 (dragged).png */ = {isa = PBXFileReference; lastKnownFileType = image.png; name = "logo-32 (dragged).png"; path = "../../watson_logo/logo-32 (dragged).png"; sourceTree = "<group>"; };
		967B4C3C1C8E627C00D538CE /* logo-33 (dragged).png */ = {isa = PBXFileReference; lastKnownFileType = image.png; name = "logo-33 (dragged).png"; path = "../../watson_logo/logo-33 (dragged).png"; sourceTree = "<group>"; };
		967B4C3D1C8E627C00D538CE /* logo-34 (dragged).png */ = {isa = PBXFileReference; lastKnownFileType = image.png; name = "logo-34 (dragged).png"; path = "../../watson_logo/logo-34 (dragged).png"; sourceTree = "<group>"; };
		967B4C3E1C8E627C00D538CE /* logo-35 (dragged).png */ = {isa = PBXFileReference; lastKnownFileType = image.png; name = "logo-35 (dragged).png"; path = "../../watson_logo/logo-35 (dragged).png"; sourceTree = "<group>"; };
		967B4C3F1C8E627C00D538CE /* logo-36 (dragged).png */ = {isa = PBXFileReference; lastKnownFileType = image.png; name = "logo-36 (dragged).png"; path = "../../watson_logo/logo-36 (dragged).png"; sourceTree = "<group>"; };
		967B4C401C8E627C00D538CE /* logo-37 (dragged).png */ = {isa = PBXFileReference; lastKnownFileType = image.png; name = "logo-37 (dragged).png"; path = "../../watson_logo/logo-37 (dragged).png"; sourceTree = "<group>"; };
		967B4C411C8E627C00D538CE /* logo-38 (dragged).png */ = {isa = PBXFileReference; lastKnownFileType = image.png; name = "logo-38 (dragged).png"; path = "../../watson_logo/logo-38 (dragged).png"; sourceTree = "<group>"; };
		967B4C421C8E627C00D538CE /* logo-39 (dragged).png */ = {isa = PBXFileReference; lastKnownFileType = image.png; name = "logo-39 (dragged).png"; path = "../../watson_logo/logo-39 (dragged).png"; sourceTree = "<group>"; };
		967B4C431C8E627C00D538CE /* logo-40 (dragged).png */ = {isa = PBXFileReference; lastKnownFileType = image.png; name = "logo-40 (dragged).png"; path = "../../watson_logo/logo-40 (dragged).png"; sourceTree = "<group>"; };
		967B4C441C8E627C00D538CE /* logo-41 (dragged).png */ = {isa = PBXFileReference; lastKnownFileType = image.png; name = "logo-41 (dragged).png"; path = "../../watson_logo/logo-41 (dragged).png"; sourceTree = "<group>"; };
		967B4C451C8E627C00D538CE /* logo-42 (dragged).png */ = {isa = PBXFileReference; lastKnownFileType = image.png; name = "logo-42 (dragged).png"; path = "../../watson_logo/logo-42 (dragged).png"; sourceTree = "<group>"; };
		967B4C461C8E627C00D538CE /* logo-43 (dragged).png */ = {isa = PBXFileReference; lastKnownFileType = image.png; name = "logo-43 (dragged).png"; path = "../../watson_logo/logo-43 (dragged).png"; sourceTree = "<group>"; };
		967B4C471C8E627C00D538CE /* logo-44 (dragged).png */ = {isa = PBXFileReference; lastKnownFileType = image.png; name = "logo-44 (dragged).png"; path = "../../watson_logo/logo-44 (dragged).png"; sourceTree = "<group>"; };
		967B4C481C8E627C00D538CE /* logo-45 (dragged).png */ = {isa = PBXFileReference; lastKnownFileType = image.png; name = "logo-45 (dragged).png"; path = "../../watson_logo/logo-45 (dragged).png"; sourceTree = "<group>"; };
		967B4C491C8E627C00D538CE /* logo-46 (dragged).png */ = {isa = PBXFileReference; lastKnownFileType = image.png; name = "logo-46 (dragged).png"; path = "../../watson_logo/logo-46 (dragged).png"; sourceTree = "<group>"; };
		967B4C4A1C8E627C00D538CE /* logo-47 (dragged).png */ = {isa = PBXFileReference; lastKnownFileType = image.png; name = "logo-47 (dragged).png"; path = "../../watson_logo/logo-47 (dragged).png"; sourceTree = "<group>"; };
		967B4C4B1C8E627C00D538CE /* logo-48 (dragged).png */ = {isa = PBXFileReference; lastKnownFileType = image.png; name = "logo-48 (dragged).png"; path = "../../watson_logo/logo-48 (dragged).png"; sourceTree = "<group>"; };
		967B4C4C1C8E627C00D538CE /* logo-49 (dragged).png */ = {isa = PBXFileReference; lastKnownFileType = image.png; name = "logo-49 (dragged).png"; path = "../../watson_logo/logo-49 (dragged).png"; sourceTree = "<group>"; };
		967B4C4D1C8E627C00D538CE /* logo-50 (dragged).png */ = {isa = PBXFileReference; lastKnownFileType = image.png; name = "logo-50 (dragged).png"; path = "../../watson_logo/logo-50 (dragged).png"; sourceTree = "<group>"; };
		967B4C4E1C8E627C00D538CE /* logo-51 (dragged).png */ = {isa = PBXFileReference; lastKnownFileType = image.png; name = "logo-51 (dragged).png"; path = "../../watson_logo/logo-51 (dragged).png"; sourceTree = "<group>"; };
		967B4C4F1C8E627C00D538CE /* logo-52 (dragged).png */ = {isa = PBXFileReference; lastKnownFileType = image.png; name = "logo-52 (dragged).png"; path = "../../watson_logo/logo-52 (dragged).png"; sourceTree = "<group>"; };
		967B4C501C8E627C00D538CE /* logo-53 (dragged).png */ = {isa = PBXFileReference; lastKnownFileType = image.png; name = "logo-53 (dragged).png"; path = "../../watson_logo/logo-53 (dragged).png"; sourceTree = "<group>"; };
		967B4C511C8E627C00D538CE /* logo-54 (dragged).png */ = {isa = PBXFileReference; lastKnownFileType = image.png; name = "logo-54 (dragged).png"; path = "../../watson_logo/logo-54 (dragged).png"; sourceTree = "<group>"; };
		967B4C521C8E627C00D538CE /* logo-55 (dragged).png */ = {isa = PBXFileReference; lastKnownFileType = image.png; name = "logo-55 (dragged).png"; path = "../../watson_logo/logo-55 (dragged).png"; sourceTree = "<group>"; };
		967B4C531C8E627C00D538CE /* logo-56 (dragged).png */ = {isa = PBXFileReference; lastKnownFileType = image.png; name = "logo-56 (dragged).png"; path = "../../watson_logo/logo-56 (dragged).png"; sourceTree = "<group>"; };
		967B4C541C8E627C00D538CE /* logo-57 (dragged).png */ = {isa = PBXFileReference; lastKnownFileType = image.png; name = "logo-57 (dragged).png"; path = "../../watson_logo/logo-57 (dragged).png"; sourceTree = "<group>"; };
		967B4C551C8E627C00D538CE /* logo-58 (dragged).png */ = {isa = PBXFileReference; lastKnownFileType = image.png; name = "logo-58 (dragged).png"; path = "../../watson_logo/logo-58 (dragged).png"; sourceTree = "<group>"; };
		967B4C561C8E627C00D538CE /* logo-59 (dragged).png */ = {isa = PBXFileReference; lastKnownFileType = image.png; name = "logo-59 (dragged).png"; path = "../../watson_logo/logo-59 (dragged).png"; sourceTree = "<group>"; };
		967B4C571C8E627C00D538CE /* logo-60 (dragged).png */ = {isa = PBXFileReference; lastKnownFileType = image.png; name = "logo-60 (dragged).png"; path = "../../watson_logo/logo-60 (dragged).png"; sourceTree = "<group>"; };
		967B4C581C8E627C00D538CE /* logo-61 (dragged).png */ = {isa = PBXFileReference; lastKnownFileType = image.png; name = "logo-61 (dragged).png"; path = "../../watson_logo/logo-61 (dragged).png"; sourceTree = "<group>"; };
		967B4C591C8E627C00D538CE /* logo-62 (dragged).png */ = {isa = PBXFileReference; lastKnownFileType = image.png; name = "logo-62 (dragged).png"; path = "../../watson_logo/logo-62 (dragged).png"; sourceTree = "<group>"; };
		967B4C5A1C8E627C00D538CE /* logo-63 (dragged).png */ = {isa = PBXFileReference; lastKnownFileType = image.png; name = "logo-63 (dragged).png"; path = "../../watson_logo/logo-63 (dragged).png"; sourceTree = "<group>"; };
		967B4C5B1C8E627C00D538CE /* logo-64 (dragged).png */ = {isa = PBXFileReference; lastKnownFileType = image.png; name = "logo-64 (dragged).png"; path = "../../watson_logo/logo-64 (dragged).png"; sourceTree = "<group>"; };
		967B4C5C1C8E627C00D538CE /* logo-65 (dragged).png */ = {isa = PBXFileReference; lastKnownFileType = image.png; name = "logo-65 (dragged).png"; path = "../../watson_logo/logo-65 (dragged).png"; sourceTree = "<group>"; };
		967B4C5D1C8E627C00D538CE /* logo-66 (dragged).png */ = {isa = PBXFileReference; lastKnownFileType = image.png; name = "logo-66 (dragged).png"; path = "../../watson_logo/logo-66 (dragged).png"; sourceTree = "<group>"; };
		967B4C5E1C8E627C00D538CE /* logo-67 (dragged).png */ = {isa = PBXFileReference; lastKnownFileType = image.png; name = "logo-67 (dragged).png"; path = "../../watson_logo/logo-67 (dragged).png"; sourceTree = "<group>"; };
		967B4C5F1C8E627C00D538CE /* logo-68 (dragged).png */ = {isa = PBXFileReference; lastKnownFileType = image.png; name = "logo-68 (dragged).png"; path = "../../watson_logo/logo-68 (dragged).png"; sourceTree = "<group>"; };
		967B4C601C8E627C00D538CE /* logo-69 (dragged).png */ = {isa = PBXFileReference; lastKnownFileType = image.png; name = "logo-69 (dragged).png"; path = "../../watson_logo/logo-69 (dragged).png"; sourceTree = "<group>"; };
		967B4C611C8E627C00D538CE /* logo-70 (dragged).png */ = {isa = PBXFileReference; lastKnownFileType = image.png; name = "logo-70 (dragged).png"; path = "../../watson_logo/logo-70 (dragged).png"; sourceTree = "<group>"; };
		967B4C621C8E627C00D538CE /* logo-71 (dragged).png */ = {isa = PBXFileReference; lastKnownFileType = image.png; name = "logo-71 (dragged).png"; path = "../../watson_logo/logo-71 (dragged).png"; sourceTree = "<group>"; };
		967B4C631C8E627C00D538CE /* logo-72 (dragged).png */ = {isa = PBXFileReference; lastKnownFileType = image.png; name = "logo-72 (dragged).png"; path = "../../watson_logo/logo-72 (dragged).png"; sourceTree = "<group>"; };
		967B4C641C8E627C00D538CE /* logo-73 (dragged).png */ = {isa = PBXFileReference; lastKnownFileType = image.png; name = "logo-73 (dragged).png"; path = "../../watson_logo/logo-73 (dragged).png"; sourceTree = "<group>"; };
		967B4C651C8E627C00D538CE /* logo-74 (dragged).png */ = {isa = PBXFileReference; lastKnownFileType = image.png; name = "logo-74 (dragged).png"; path = "../../watson_logo/logo-74 (dragged).png"; sourceTree = "<group>"; };
		967B4C661C8E627C00D538CE /* logo-75 (dragged).png */ = {isa = PBXFileReference; lastKnownFileType = image.png; name = "logo-75 (dragged).png"; path = "../../watson_logo/logo-75 (dragged).png"; sourceTree = "<group>"; };
		967B4C671C8E627C00D538CE /* logo-76 (dragged).png */ = {isa = PBXFileReference; lastKnownFileType = image.png; name = "logo-76 (dragged).png"; path = "../../watson_logo/logo-76 (dragged).png"; sourceTree = "<group>"; };
		967B4C681C8E627C00D538CE /* logo-77 (dragged).png */ = {isa = PBXFileReference; lastKnownFileType = image.png; name = "logo-77 (dragged).png"; path = "../../watson_logo/logo-77 (dragged).png"; sourceTree = "<group>"; };
		967B4C691C8E627C00D538CE /* logo-78 (dragged).png */ = {isa = PBXFileReference; lastKnownFileType = image.png; name = "logo-78 (dragged).png"; path = "../../watson_logo/logo-78 (dragged).png"; sourceTree = "<group>"; };
		967B4C6A1C8E627C00D538CE /* logo-79 (dragged).png */ = {isa = PBXFileReference; lastKnownFileType = image.png; name = "logo-79 (dragged).png"; path = "../../watson_logo/logo-79 (dragged).png"; sourceTree = "<group>"; };
		967B4C6B1C8E627C00D538CE /* logo-80 (dragged).png */ = {isa = PBXFileReference; lastKnownFileType = image.png; name = "logo-80 (dragged).png"; path = "../../watson_logo/logo-80 (dragged).png"; sourceTree = "<group>"; };
		967B4C6C1C8E627C00D538CE /* logo-81 (dragged).png */ = {isa = PBXFileReference; lastKnownFileType = image.png; name = "logo-81 (dragged).png"; path = "../../watson_logo/logo-81 (dragged).png"; sourceTree = "<group>"; };
		967B4C6D1C8E627C00D538CE /* logo-82 (dragged).png */ = {isa = PBXFileReference; lastKnownFileType = image.png; name = "logo-82 (dragged).png"; path = "../../watson_logo/logo-82 (dragged).png"; sourceTree = "<group>"; };
		967B4C6E1C8E627C00D538CE /* logo-83 (dragged).png */ = {isa = PBXFileReference; lastKnownFileType = image.png; name = "logo-83 (dragged).png"; path = "../../watson_logo/logo-83 (dragged).png"; sourceTree = "<group>"; };
		967B4C6F1C8E627C00D538CE /* logo-84 (dragged).png */ = {isa = PBXFileReference; lastKnownFileType = image.png; name = "logo-84 (dragged).png"; path = "../../watson_logo/logo-84 (dragged).png"; sourceTree = "<group>"; };
		967B4C701C8E627C00D538CE /* logo-85 (dragged).png */ = {isa = PBXFileReference; lastKnownFileType = image.png; name = "logo-85 (dragged).png"; path = "../../watson_logo/logo-85 (dragged).png"; sourceTree = "<group>"; };
		96B605BF1C8F38E1004ABBE1 /* SecondViewController.swift */ = {isa = PBXFileReference; fileEncoding = 4; lastKnownFileType = sourcecode.swift; path = SecondViewController.swift; sourceTree = "<group>"; };
		96DDF56E1C90C2EA006B21A0 /* logo-1 (dragged).png */ = {isa = PBXFileReference; lastKnownFileType = image.png; name = "logo-1 (dragged).png"; path = "../../watson_logo/logo-1 (dragged).png"; sourceTree = "<group>"; };
		96DDF56F1C90C2EA006B21A0 /* logo-2 (dragged).png */ = {isa = PBXFileReference; lastKnownFileType = image.png; name = "logo-2 (dragged).png"; path = "../../watson_logo/logo-2 (dragged).png"; sourceTree = "<group>"; };
		96DDF5701C90C2EA006B21A0 /* logo-3 (dragged).png */ = {isa = PBXFileReference; lastKnownFileType = image.png; name = "logo-3 (dragged).png"; path = "../../watson_logo/logo-3 (dragged).png"; sourceTree = "<group>"; };
		96DDF5711C90C2EA006B21A0 /* logo-4 (dragged).png */ = {isa = PBXFileReference; lastKnownFileType = image.png; name = "logo-4 (dragged).png"; path = "../../watson_logo/logo-4 (dragged).png"; sourceTree = "<group>"; };
		96DDF5721C90C2EA006B21A0 /* logo-5 (dragged).png */ = {isa = PBXFileReference; lastKnownFileType = image.png; name = "logo-5 (dragged).png"; path = "../../watson_logo/logo-5 (dragged).png"; sourceTree = "<group>"; };
		96DDF5731C90C2EA006B21A0 /* logo-6 (dragged).png */ = {isa = PBXFileReference; lastKnownFileType = image.png; name = "logo-6 (dragged).png"; path = "../../watson_logo/logo-6 (dragged).png"; sourceTree = "<group>"; };
		96DDF5741C90C2EA006B21A0 /* logo-7 (dragged).png */ = {isa = PBXFileReference; lastKnownFileType = image.png; name = "logo-7 (dragged).png"; path = "../../watson_logo/logo-7 (dragged).png"; sourceTree = "<group>"; };
		96DDF5751C90C2EA006B21A0 /* logo-8 (dragged).png */ = {isa = PBXFileReference; lastKnownFileType = image.png; name = "logo-8 (dragged).png"; path = "../../watson_logo/logo-8 (dragged).png"; sourceTree = "<group>"; };
		96DDF5761C90C2EA006B21A0 /* logo-9 (dragged).png */ = {isa = PBXFileReference; lastKnownFileType = image.png; name = "logo-9 (dragged).png"; path = "../../watson_logo/logo-9 (dragged).png"; sourceTree = "<group>"; };
		96DDF5771C90C2EA006B21A0 /* logo-10 (dragged).png */ = {isa = PBXFileReference; lastKnownFileType = image.png; name = "logo-10 (dragged).png"; path = "../../watson_logo/logo-10 (dragged).png"; sourceTree = "<group>"; };
		96DDF5781C90C2EA006B21A0 /* logo-11 (dragged).png */ = {isa = PBXFileReference; lastKnownFileType = image.png; name = "logo-11 (dragged).png"; path = "../../watson_logo/logo-11 (dragged).png"; sourceTree = "<group>"; };
		96DDF5791C90C2EA006B21A0 /* logo-12 (dragged).png */ = {isa = PBXFileReference; lastKnownFileType = image.png; name = "logo-12 (dragged).png"; path = "../../watson_logo/logo-12 (dragged).png"; sourceTree = "<group>"; };
		96DDF57A1C90C2EA006B21A0 /* logo-13 (dragged).png */ = {isa = PBXFileReference; lastKnownFileType = image.png; name = "logo-13 (dragged).png"; path = "../../watson_logo/logo-13 (dragged).png"; sourceTree = "<group>"; };
		96DDF57B1C90C2EA006B21A0 /* logo-14 (dragged).png */ = {isa = PBXFileReference; lastKnownFileType = image.png; name = "logo-14 (dragged).png"; path = "../../watson_logo/logo-14 (dragged).png"; sourceTree = "<group>"; };
		96DDF57C1C90C2EA006B21A0 /* logo-15 (dragged).png */ = {isa = PBXFileReference; lastKnownFileType = image.png; name = "logo-15 (dragged).png"; path = "../../watson_logo/logo-15 (dragged).png"; sourceTree = "<group>"; };
		96DDF57D1C90C2EA006B21A0 /* logo-16 (dragged).png */ = {isa = PBXFileReference; lastKnownFileType = image.png; name = "logo-16 (dragged).png"; path = "../../watson_logo/logo-16 (dragged).png"; sourceTree = "<group>"; };
		96DDF57E1C90C2EA006B21A0 /* logo-17 (dragged).png */ = {isa = PBXFileReference; lastKnownFileType = image.png; name = "logo-17 (dragged).png"; path = "../../watson_logo/logo-17 (dragged).png"; sourceTree = "<group>"; };
		96DDF57F1C90C2EA006B21A0 /* logo-18 (dragged).png */ = {isa = PBXFileReference; lastKnownFileType = image.png; name = "logo-18 (dragged).png"; path = "../../watson_logo/logo-18 (dragged).png"; sourceTree = "<group>"; };
		96DDF5801C90C2EA006B21A0 /* logo-19 (dragged).png */ = {isa = PBXFileReference; lastKnownFileType = image.png; name = "logo-19 (dragged).png"; path = "../../watson_logo/logo-19 (dragged).png"; sourceTree = "<group>"; };
		96DDF5811C90C2EA006B21A0 /* logo-20 (dragged).png */ = {isa = PBXFileReference; lastKnownFileType = image.png; name = "logo-20 (dragged).png"; path = "../../watson_logo/logo-20 (dragged).png"; sourceTree = "<group>"; };
		96DDF5821C90C2EA006B21A0 /* logo-21 (dragged).png */ = {isa = PBXFileReference; lastKnownFileType = image.png; name = "logo-21 (dragged).png"; path = "../../watson_logo/logo-21 (dragged).png"; sourceTree = "<group>"; };
		96DDF5831C90C2EA006B21A0 /* logo-22 (dragged).png */ = {isa = PBXFileReference; lastKnownFileType = image.png; name = "logo-22 (dragged).png"; path = "../../watson_logo/logo-22 (dragged).png"; sourceTree = "<group>"; };
		96DDF5841C90C2EA006B21A0 /* logo-23 (dragged).png */ = {isa = PBXFileReference; lastKnownFileType = image.png; name = "logo-23 (dragged).png"; path = "../../watson_logo/logo-23 (dragged).png"; sourceTree = "<group>"; };
		96DDF5851C90C2EA006B21A0 /* logo-24 (dragged).png */ = {isa = PBXFileReference; lastKnownFileType = image.png; name = "logo-24 (dragged).png"; path = "../../watson_logo/logo-24 (dragged).png"; sourceTree = "<group>"; };
		96DDF5861C90C2EA006B21A0 /* logo-25 (dragged).png */ = {isa = PBXFileReference; lastKnownFileType = image.png; name = "logo-25 (dragged).png"; path = "../../watson_logo/logo-25 (dragged).png"; sourceTree = "<group>"; };
		96DDF5871C90C2EA006B21A0 /* logo-26 (dragged).png */ = {isa = PBXFileReference; lastKnownFileType = image.png; name = "logo-26 (dragged).png"; path = "../../watson_logo/logo-26 (dragged).png"; sourceTree = "<group>"; };
		96DDF5881C90C2EA006B21A0 /* logo-27 (dragged).png */ = {isa = PBXFileReference; lastKnownFileType = image.png; name = "logo-27 (dragged).png"; path = "../../watson_logo/logo-27 (dragged).png"; sourceTree = "<group>"; };
		96DDF5891C90C2EA006B21A0 /* logo-28 (dragged).png */ = {isa = PBXFileReference; lastKnownFileType = image.png; name = "logo-28 (dragged).png"; path = "../../watson_logo/logo-28 (dragged).png"; sourceTree = "<group>"; };
		96DDF58A1C90C2EA006B21A0 /* logo-29 (dragged).png */ = {isa = PBXFileReference; lastKnownFileType = image.png; name = "logo-29 (dragged).png"; path = "../../watson_logo/logo-29 (dragged).png"; sourceTree = "<group>"; };
		96DDF58B1C90C2EA006B21A0 /* logo-30 (dragged).png */ = {isa = PBXFileReference; lastKnownFileType = image.png; name = "logo-30 (dragged).png"; path = "../../watson_logo/logo-30 (dragged).png"; sourceTree = "<group>"; };
		96DDF58C1C90C2EA006B21A0 /* logo-31 (dragged).png */ = {isa = PBXFileReference; lastKnownFileType = image.png; name = "logo-31 (dragged).png"; path = "../../watson_logo/logo-31 (dragged).png"; sourceTree = "<group>"; };
		96DDF58D1C90C2EA006B21A0 /* logo-32 (dragged).png */ = {isa = PBXFileReference; lastKnownFileType = image.png; name = "logo-32 (dragged).png"; path = "../../watson_logo/logo-32 (dragged).png"; sourceTree = "<group>"; };
		96DDF58E1C90C2EA006B21A0 /* logo-33 (dragged).png */ = {isa = PBXFileReference; lastKnownFileType = image.png; name = "logo-33 (dragged).png"; path = "../../watson_logo/logo-33 (dragged).png"; sourceTree = "<group>"; };
		96DDF58F1C90C2EA006B21A0 /* logo-34 (dragged).png */ = {isa = PBXFileReference; lastKnownFileType = image.png; name = "logo-34 (dragged).png"; path = "../../watson_logo/logo-34 (dragged).png"; sourceTree = "<group>"; };
		96DDF5901C90C2EA006B21A0 /* logo-35 (dragged).png */ = {isa = PBXFileReference; lastKnownFileType = image.png; name = "logo-35 (dragged).png"; path = "../../watson_logo/logo-35 (dragged).png"; sourceTree = "<group>"; };
		96DDF5911C90C2EA006B21A0 /* logo-36 (dragged).png */ = {isa = PBXFileReference; lastKnownFileType = image.png; name = "logo-36 (dragged).png"; path = "../../watson_logo/logo-36 (dragged).png"; sourceTree = "<group>"; };
		96DDF5921C90C2EA006B21A0 /* logo-37 (dragged).png */ = {isa = PBXFileReference; lastKnownFileType = image.png; name = "logo-37 (dragged).png"; path = "../../watson_logo/logo-37 (dragged).png"; sourceTree = "<group>"; };
		96DDF5931C90C2EA006B21A0 /* logo-38 (dragged).png */ = {isa = PBXFileReference; lastKnownFileType = image.png; name = "logo-38 (dragged).png"; path = "../../watson_logo/logo-38 (dragged).png"; sourceTree = "<group>"; };
		96DDF5941C90C2EA006B21A0 /* logo-39 (dragged).png */ = {isa = PBXFileReference; lastKnownFileType = image.png; name = "logo-39 (dragged).png"; path = "../../watson_logo/logo-39 (dragged).png"; sourceTree = "<group>"; };
		96DDF5951C90C2EA006B21A0 /* logo-40 (dragged).png */ = {isa = PBXFileReference; lastKnownFileType = image.png; name = "logo-40 (dragged).png"; path = "../../watson_logo/logo-40 (dragged).png"; sourceTree = "<group>"; };
		96DDF5961C90C2EA006B21A0 /* logo-41 (dragged).png */ = {isa = PBXFileReference; lastKnownFileType = image.png; name = "logo-41 (dragged).png"; path = "../../watson_logo/logo-41 (dragged).png"; sourceTree = "<group>"; };
		96DDF5971C90C2EA006B21A0 /* logo-42 (dragged).png */ = {isa = PBXFileReference; lastKnownFileType = image.png; name = "logo-42 (dragged).png"; path = "../../watson_logo/logo-42 (dragged).png"; sourceTree = "<group>"; };
		96DDF5981C90C2EA006B21A0 /* logo-43 (dragged).png */ = {isa = PBXFileReference; lastKnownFileType = image.png; name = "logo-43 (dragged).png"; path = "../../watson_logo/logo-43 (dragged).png"; sourceTree = "<group>"; };
		96DDF5991C90C2EA006B21A0 /* logo-44 (dragged).png */ = {isa = PBXFileReference; lastKnownFileType = image.png; name = "logo-44 (dragged).png"; path = "../../watson_logo/logo-44 (dragged).png"; sourceTree = "<group>"; };
		96DDF59A1C90C2EA006B21A0 /* logo-45 (dragged).png */ = {isa = PBXFileReference; lastKnownFileType = image.png; name = "logo-45 (dragged).png"; path = "../../watson_logo/logo-45 (dragged).png"; sourceTree = "<group>"; };
		96DDF59B1C90C2EA006B21A0 /* logo-46 (dragged).png */ = {isa = PBXFileReference; lastKnownFileType = image.png; name = "logo-46 (dragged).png"; path = "../../watson_logo/logo-46 (dragged).png"; sourceTree = "<group>"; };
		96DDF59C1C90C2EA006B21A0 /* logo-47 (dragged).png */ = {isa = PBXFileReference; lastKnownFileType = image.png; name = "logo-47 (dragged).png"; path = "../../watson_logo/logo-47 (dragged).png"; sourceTree = "<group>"; };
		96DDF59D1C90C2EA006B21A0 /* logo-48 (dragged).png */ = {isa = PBXFileReference; lastKnownFileType = image.png; name = "logo-48 (dragged).png"; path = "../../watson_logo/logo-48 (dragged).png"; sourceTree = "<group>"; };
		96DDF59E1C90C2EA006B21A0 /* logo-49 (dragged).png */ = {isa = PBXFileReference; lastKnownFileType = image.png; name = "logo-49 (dragged).png"; path = "../../watson_logo/logo-49 (dragged).png"; sourceTree = "<group>"; };
		96DDF59F1C90C2EA006B21A0 /* logo-50 (dragged).png */ = {isa = PBXFileReference; lastKnownFileType = image.png; name = "logo-50 (dragged).png"; path = "../../watson_logo/logo-50 (dragged).png"; sourceTree = "<group>"; };
		96DDF5A01C90C2EA006B21A0 /* logo-51 (dragged).png */ = {isa = PBXFileReference; lastKnownFileType = image.png; name = "logo-51 (dragged).png"; path = "../../watson_logo/logo-51 (dragged).png"; sourceTree = "<group>"; };
		96DDF5A11C90C2EA006B21A0 /* logo-52 (dragged).png */ = {isa = PBXFileReference; lastKnownFileType = image.png; name = "logo-52 (dragged).png"; path = "../../watson_logo/logo-52 (dragged).png"; sourceTree = "<group>"; };
		96DDF5A21C90C2EA006B21A0 /* logo-53 (dragged).png */ = {isa = PBXFileReference; lastKnownFileType = image.png; name = "logo-53 (dragged).png"; path = "../../watson_logo/logo-53 (dragged).png"; sourceTree = "<group>"; };
		96DDF5A31C90C2EA006B21A0 /* logo-54 (dragged).png */ = {isa = PBXFileReference; lastKnownFileType = image.png; name = "logo-54 (dragged).png"; path = "../../watson_logo/logo-54 (dragged).png"; sourceTree = "<group>"; };
		96DDF5A41C90C2EA006B21A0 /* logo-55 (dragged).png */ = {isa = PBXFileReference; lastKnownFileType = image.png; name = "logo-55 (dragged).png"; path = "../../watson_logo/logo-55 (dragged).png"; sourceTree = "<group>"; };
		96DDF5A51C90C2EA006B21A0 /* logo-56 (dragged).png */ = {isa = PBXFileReference; lastKnownFileType = image.png; name = "logo-56 (dragged).png"; path = "../../watson_logo/logo-56 (dragged).png"; sourceTree = "<group>"; };
		96DDF5A61C90C2EA006B21A0 /* logo-57 (dragged).png */ = {isa = PBXFileReference; lastKnownFileType = image.png; name = "logo-57 (dragged).png"; path = "../../watson_logo/logo-57 (dragged).png"; sourceTree = "<group>"; };
		96DDF5A71C90C2EA006B21A0 /* logo-58 (dragged).png */ = {isa = PBXFileReference; lastKnownFileType = image.png; name = "logo-58 (dragged).png"; path = "../../watson_logo/logo-58 (dragged).png"; sourceTree = "<group>"; };
		96DDF5A81C90C2EA006B21A0 /* logo-59 (dragged).png */ = {isa = PBXFileReference; lastKnownFileType = image.png; name = "logo-59 (dragged).png"; path = "../../watson_logo/logo-59 (dragged).png"; sourceTree = "<group>"; };
		96DDF5A91C90C2EA006B21A0 /* logo-60 (dragged).png */ = {isa = PBXFileReference; lastKnownFileType = image.png; name = "logo-60 (dragged).png"; path = "../../watson_logo/logo-60 (dragged).png"; sourceTree = "<group>"; };
		96DDF5AA1C90C2EA006B21A0 /* logo-61 (dragged).png */ = {isa = PBXFileReference; lastKnownFileType = image.png; name = "logo-61 (dragged).png"; path = "../../watson_logo/logo-61 (dragged).png"; sourceTree = "<group>"; };
		96DDF5AB1C90C2EA006B21A0 /* logo-62 (dragged).png */ = {isa = PBXFileReference; lastKnownFileType = image.png; name = "logo-62 (dragged).png"; path = "../../watson_logo/logo-62 (dragged).png"; sourceTree = "<group>"; };
		96DDF5AC1C90C2EA006B21A0 /* logo-63 (dragged).png */ = {isa = PBXFileReference; lastKnownFileType = image.png; name = "logo-63 (dragged).png"; path = "../../watson_logo/logo-63 (dragged).png"; sourceTree = "<group>"; };
		96DDF5AD1C90C2EA006B21A0 /* logo-64 (dragged).png */ = {isa = PBXFileReference; lastKnownFileType = image.png; name = "logo-64 (dragged).png"; path = "../../watson_logo/logo-64 (dragged).png"; sourceTree = "<group>"; };
		96DDF5AE1C90C2EA006B21A0 /* logo-65 (dragged).png */ = {isa = PBXFileReference; lastKnownFileType = image.png; name = "logo-65 (dragged).png"; path = "../../watson_logo/logo-65 (dragged).png"; sourceTree = "<group>"; };
		96DDF5AF1C90C2EA006B21A0 /* logo-66 (dragged).png */ = {isa = PBXFileReference; lastKnownFileType = image.png; name = "logo-66 (dragged).png"; path = "../../watson_logo/logo-66 (dragged).png"; sourceTree = "<group>"; };
		96DDF5B01C90C2EA006B21A0 /* logo-67 (dragged).png */ = {isa = PBXFileReference; lastKnownFileType = image.png; name = "logo-67 (dragged).png"; path = "../../watson_logo/logo-67 (dragged).png"; sourceTree = "<group>"; };
		96DDF5B11C90C2EA006B21A0 /* logo-68 (dragged).png */ = {isa = PBXFileReference; lastKnownFileType = image.png; name = "logo-68 (dragged).png"; path = "../../watson_logo/logo-68 (dragged).png"; sourceTree = "<group>"; };
		96DDF5B21C90C2EA006B21A0 /* logo-69 (dragged).png */ = {isa = PBXFileReference; lastKnownFileType = image.png; name = "logo-69 (dragged).png"; path = "../../watson_logo/logo-69 (dragged).png"; sourceTree = "<group>"; };
		96DDF5B31C90C2EA006B21A0 /* logo-70 (dragged).png */ = {isa = PBXFileReference; lastKnownFileType = image.png; name = "logo-70 (dragged).png"; path = "../../watson_logo/logo-70 (dragged).png"; sourceTree = "<group>"; };
		96DDF5B41C90C2EA006B21A0 /* logo-71 (dragged).png */ = {isa = PBXFileReference; lastKnownFileType = image.png; name = "logo-71 (dragged).png"; path = "../../watson_logo/logo-71 (dragged).png"; sourceTree = "<group>"; };
		96DDF5B51C90C2EA006B21A0 /* logo-72 (dragged).png */ = {isa = PBXFileReference; lastKnownFileType = image.png; name = "logo-72 (dragged).png"; path = "../../watson_logo/logo-72 (dragged).png"; sourceTree = "<group>"; };
		96DDF5B61C90C2EA006B21A0 /* logo-73 (dragged).png */ = {isa = PBXFileReference; lastKnownFileType = image.png; name = "logo-73 (dragged).png"; path = "../../watson_logo/logo-73 (dragged).png"; sourceTree = "<group>"; };
		96DDF5B71C90C2EA006B21A0 /* logo-74 (dragged).png */ = {isa = PBXFileReference; lastKnownFileType = image.png; name = "logo-74 (dragged).png"; path = "../../watson_logo/logo-74 (dragged).png"; sourceTree = "<group>"; };
		96DDF5B81C90C2EA006B21A0 /* logo-75 (dragged).png */ = {isa = PBXFileReference; lastKnownFileType = image.png; name = "logo-75 (dragged).png"; path = "../../watson_logo/logo-75 (dragged).png"; sourceTree = "<group>"; };
		96DDF5B91C90C2EA006B21A0 /* logo-76 (dragged).png */ = {isa = PBXFileReference; lastKnownFileType = image.png; name = "logo-76 (dragged).png"; path = "../../watson_logo/logo-76 (dragged).png"; sourceTree = "<group>"; };
		96DDF5BA1C90C2EA006B21A0 /* logo-77 (dragged).png */ = {isa = PBXFileReference; lastKnownFileType = image.png; name = "logo-77 (dragged).png"; path = "../../watson_logo/logo-77 (dragged).png"; sourceTree = "<group>"; };
		96DDF5BB1C90C2EA006B21A0 /* logo-78 (dragged).png */ = {isa = PBXFileReference; lastKnownFileType = image.png; name = "logo-78 (dragged).png"; path = "../../watson_logo/logo-78 (dragged).png"; sourceTree = "<group>"; };
		96DDF5BC1C90C2EA006B21A0 /* logo-79 (dragged).png */ = {isa = PBXFileReference; lastKnownFileType = image.png; name = "logo-79 (dragged).png"; path = "../../watson_logo/logo-79 (dragged).png"; sourceTree = "<group>"; };
		96DDF5BD1C90C2EA006B21A0 /* logo-80 (dragged).png */ = {isa = PBXFileReference; lastKnownFileType = image.png; name = "logo-80 (dragged).png"; path = "../../watson_logo/logo-80 (dragged).png"; sourceTree = "<group>"; };
		96DDF5BE1C90C2EA006B21A0 /* logo-81 (dragged).png */ = {isa = PBXFileReference; lastKnownFileType = image.png; name = "logo-81 (dragged).png"; path = "../../watson_logo/logo-81 (dragged).png"; sourceTree = "<group>"; };
		96DDF5BF1C90C2EA006B21A0 /* logo-82 (dragged).png */ = {isa = PBXFileReference; lastKnownFileType = image.png; name = "logo-82 (dragged).png"; path = "../../watson_logo/logo-82 (dragged).png"; sourceTree = "<group>"; };
		96DDF5C01C90C2EA006B21A0 /* logo-83 (dragged).png */ = {isa = PBXFileReference; lastKnownFileType = image.png; name = "logo-83 (dragged).png"; path = "../../watson_logo/logo-83 (dragged).png"; sourceTree = "<group>"; };
		96DDF5C11C90C2EA006B21A0 /* logo-84 (dragged).png */ = {isa = PBXFileReference; lastKnownFileType = image.png; name = "logo-84 (dragged).png"; path = "../../watson_logo/logo-84 (dragged).png"; sourceTree = "<group>"; };
		96DDF5C21C90C2EA006B21A0 /* logo-85 (dragged).png */ = {isa = PBXFileReference; lastKnownFileType = image.png; name = "logo-85 (dragged).png"; path = "../../watson_logo/logo-85 (dragged).png"; sourceTree = "<group>"; };
/* End PBXFileReference section */

/* Begin PBXFrameworksBuildPhase section */
		967B4BD51C8E561500D538CE /* Frameworks */ = {
			isa = PBXFrameworksBuildPhase;
			buildActionMask = 2147483647;
			files = (
			);
			runOnlyForDeploymentPostprocessing = 0;
		};
		967B4BE91C8E561500D538CE /* Frameworks */ = {
			isa = PBXFrameworksBuildPhase;
			buildActionMask = 2147483647;
			files = (
			);
			runOnlyForDeploymentPostprocessing = 0;
		};
		967B4BF41C8E561500D538CE /* Frameworks */ = {
			isa = PBXFrameworksBuildPhase;
			buildActionMask = 2147483647;
			files = (
			);
			runOnlyForDeploymentPostprocessing = 0;
		};
/* End PBXFrameworksBuildPhase section */

/* Begin PBXGroup section */
		967B4BCF1C8E561500D538CE = {
			isa = PBXGroup;
			children = (
				967B4BDA1C8E561500D538CE /* Watson_Dialog */,
				967B4BEF1C8E561500D538CE /* Watson_DialogTests */,
				967B4BFA1C8E561500D538CE /* Watson_DialogUITests */,
				967B4BD91C8E561500D538CE /* Products */,
			);
			sourceTree = "<group>";
		};
		967B4BD91C8E561500D538CE /* Products */ = {
			isa = PBXGroup;
			children = (
				967B4BD81C8E561500D538CE /* Watson_Dialog.app */,
				967B4BEC1C8E561500D538CE /* Watson_DialogTests.xctest */,
				967B4BF71C8E561500D538CE /* Watson_DialogUITests.xctest */,
			);
			name = Products;
			sourceTree = "<group>";
		};
		967B4BDA1C8E561500D538CE /* Watson_Dialog */ = {
			isa = PBXGroup;
			children = (
				967B4BDB1C8E561500D538CE /* AppDelegate.swift */,
				967B4BDD1C8E561500D538CE /* ViewController.swift */,
				96B605BF1C8F38E1004ABBE1 /* SecondViewController.swift */,
				967B4BDF1C8E561500D538CE /* Main.storyboard */,
				967B4BE21C8E561500D538CE /* Assets.xcassets */,
				967B4BE41C8E561500D538CE /* LaunchScreen.storyboard */,
				967B4BE71C8E561500D538CE /* Info.plist */,
				96B605C11C8F38EF004ABBE1 /* watson_logo */,
				9614456B1C91DBAE00685E65 /* UIViewExtensions.swift */,
			);
			path = Watson_Dialog;
			sourceTree = "<group>";
		};
		967B4BEF1C8E561500D538CE /* Watson_DialogTests */ = {
			isa = PBXGroup;
			children = (
				967B4BF01C8E561500D538CE /* Watson_DialogTests.swift */,
				967B4BF21C8E561500D538CE /* Info.plist */,
			);
			path = Watson_DialogTests;
			sourceTree = "<group>";
		};
		967B4BFA1C8E561500D538CE /* Watson_DialogUITests */ = {
			isa = PBXGroup;
			children = (
				967B4BFB1C8E561500D538CE /* Watson_DialogUITests.swift */,
				967B4BFD1C8E561500D538CE /* Info.plist */,
			);
			path = Watson_DialogUITests;
			sourceTree = "<group>";
		};
		96B605C11C8F38EF004ABBE1 /* watson_logo */ = {
			isa = PBXGroup;
			children = (
				96DDF56E1C90C2EA006B21A0 /* logo-1 (dragged).png */,
				96DDF56F1C90C2EA006B21A0 /* logo-2 (dragged).png */,
				96DDF5701C90C2EA006B21A0 /* logo-3 (dragged).png */,
				96DDF5711C90C2EA006B21A0 /* logo-4 (dragged).png */,
				96DDF5721C90C2EA006B21A0 /* logo-5 (dragged).png */,
				96DDF5731C90C2EA006B21A0 /* logo-6 (dragged).png */,
				96DDF5741C90C2EA006B21A0 /* logo-7 (dragged).png */,
				96DDF5751C90C2EA006B21A0 /* logo-8 (dragged).png */,
				96DDF5761C90C2EA006B21A0 /* logo-9 (dragged).png */,
				96DDF5771C90C2EA006B21A0 /* logo-10 (dragged).png */,
				96DDF5781C90C2EA006B21A0 /* logo-11 (dragged).png */,
				96DDF5791C90C2EA006B21A0 /* logo-12 (dragged).png */,
				96DDF57A1C90C2EA006B21A0 /* logo-13 (dragged).png */,
				96DDF57B1C90C2EA006B21A0 /* logo-14 (dragged).png */,
				96DDF57C1C90C2EA006B21A0 /* logo-15 (dragged).png */,
				96DDF57D1C90C2EA006B21A0 /* logo-16 (dragged).png */,
				96DDF57E1C90C2EA006B21A0 /* logo-17 (dragged).png */,
				96DDF57F1C90C2EA006B21A0 /* logo-18 (dragged).png */,
				96DDF5801C90C2EA006B21A0 /* logo-19 (dragged).png */,
				96DDF5811C90C2EA006B21A0 /* logo-20 (dragged).png */,
				96DDF5821C90C2EA006B21A0 /* logo-21 (dragged).png */,
				96DDF5831C90C2EA006B21A0 /* logo-22 (dragged).png */,
				96DDF5841C90C2EA006B21A0 /* logo-23 (dragged).png */,
				96DDF5851C90C2EA006B21A0 /* logo-24 (dragged).png */,
				96DDF5861C90C2EA006B21A0 /* logo-25 (dragged).png */,
				96DDF5871C90C2EA006B21A0 /* logo-26 (dragged).png */,
				96DDF5881C90C2EA006B21A0 /* logo-27 (dragged).png */,
				96DDF5891C90C2EA006B21A0 /* logo-28 (dragged).png */,
				96DDF58A1C90C2EA006B21A0 /* logo-29 (dragged).png */,
				96DDF58B1C90C2EA006B21A0 /* logo-30 (dragged).png */,
				96DDF58C1C90C2EA006B21A0 /* logo-31 (dragged).png */,
				96DDF58D1C90C2EA006B21A0 /* logo-32 (dragged).png */,
				96DDF58E1C90C2EA006B21A0 /* logo-33 (dragged).png */,
				96DDF58F1C90C2EA006B21A0 /* logo-34 (dragged).png */,
				96DDF5901C90C2EA006B21A0 /* logo-35 (dragged).png */,
				96DDF5911C90C2EA006B21A0 /* logo-36 (dragged).png */,
				96DDF5921C90C2EA006B21A0 /* logo-37 (dragged).png */,
				96DDF5931C90C2EA006B21A0 /* logo-38 (dragged).png */,
				96DDF5941C90C2EA006B21A0 /* logo-39 (dragged).png */,
				96DDF5951C90C2EA006B21A0 /* logo-40 (dragged).png */,
				96DDF5961C90C2EA006B21A0 /* logo-41 (dragged).png */,
				96DDF5971C90C2EA006B21A0 /* logo-42 (dragged).png */,
				96DDF5981C90C2EA006B21A0 /* logo-43 (dragged).png */,
				96DDF5991C90C2EA006B21A0 /* logo-44 (dragged).png */,
				96DDF59A1C90C2EA006B21A0 /* logo-45 (dragged).png */,
				96DDF59B1C90C2EA006B21A0 /* logo-46 (dragged).png */,
				96DDF59C1C90C2EA006B21A0 /* logo-47 (dragged).png */,
				96DDF59D1C90C2EA006B21A0 /* logo-48 (dragged).png */,
				96DDF59E1C90C2EA006B21A0 /* logo-49 (dragged).png */,
				96DDF59F1C90C2EA006B21A0 /* logo-50 (dragged).png */,
				96DDF5A01C90C2EA006B21A0 /* logo-51 (dragged).png */,
				96DDF5A11C90C2EA006B21A0 /* logo-52 (dragged).png */,
				96DDF5A21C90C2EA006B21A0 /* logo-53 (dragged).png */,
				96DDF5A31C90C2EA006B21A0 /* logo-54 (dragged).png */,
				96DDF5A41C90C2EA006B21A0 /* logo-55 (dragged).png */,
				96DDF5A51C90C2EA006B21A0 /* logo-56 (dragged).png */,
				96DDF5A61C90C2EA006B21A0 /* logo-57 (dragged).png */,
				96DDF5A71C90C2EA006B21A0 /* logo-58 (dragged).png */,
				96DDF5A81C90C2EA006B21A0 /* logo-59 (dragged).png */,
				96DDF5A91C90C2EA006B21A0 /* logo-60 (dragged).png */,
				96DDF5AA1C90C2EA006B21A0 /* logo-61 (dragged).png */,
				96DDF5AB1C90C2EA006B21A0 /* logo-62 (dragged).png */,
				96DDF5AC1C90C2EA006B21A0 /* logo-63 (dragged).png */,
				96DDF5AD1C90C2EA006B21A0 /* logo-64 (dragged).png */,
				96DDF5AE1C90C2EA006B21A0 /* logo-65 (dragged).png */,
				96DDF5AF1C90C2EA006B21A0 /* logo-66 (dragged).png */,
				96DDF5B01C90C2EA006B21A0 /* logo-67 (dragged).png */,
				96DDF5B11C90C2EA006B21A0 /* logo-68 (dragged).png */,
				96DDF5B21C90C2EA006B21A0 /* logo-69 (dragged).png */,
				96DDF5B31C90C2EA006B21A0 /* logo-70 (dragged).png */,
				96DDF5B41C90C2EA006B21A0 /* logo-71 (dragged).png */,
				96DDF5B51C90C2EA006B21A0 /* logo-72 (dragged).png */,
				96DDF5B61C90C2EA006B21A0 /* logo-73 (dragged).png */,
				96DDF5B71C90C2EA006B21A0 /* logo-74 (dragged).png */,
				96DDF5B81C90C2EA006B21A0 /* logo-75 (dragged).png */,
				96DDF5B91C90C2EA006B21A0 /* logo-76 (dragged).png */,
				96DDF5BA1C90C2EA006B21A0 /* logo-77 (dragged).png */,
				96DDF5BB1C90C2EA006B21A0 /* logo-78 (dragged).png */,
				96DDF5BC1C90C2EA006B21A0 /* logo-79 (dragged).png */,
				96DDF5BD1C90C2EA006B21A0 /* logo-80 (dragged).png */,
				96DDF5BE1C90C2EA006B21A0 /* logo-81 (dragged).png */,
				96DDF5BF1C90C2EA006B21A0 /* logo-82 (dragged).png */,
				96DDF5C01C90C2EA006B21A0 /* logo-83 (dragged).png */,
				96DDF5C11C90C2EA006B21A0 /* logo-84 (dragged).png */,
				96DDF5C21C90C2EA006B21A0 /* logo-85 (dragged).png */,
				967B4C2F1C8E627C00D538CE /* logo-20 (dragged).png */,
				967B4C301C8E627C00D538CE /* logo-21 (dragged).png */,
				967B4C311C8E627C00D538CE /* logo-22 (dragged).png */,
				967B4C321C8E627C00D538CE /* logo-23 (dragged).png */,
				967B4C331C8E627C00D538CE /* logo-24 (dragged).png */,
				967B4C341C8E627C00D538CE /* logo-25 (dragged).png */,
				967B4C351C8E627C00D538CE /* logo-26 (dragged).png */,
				967B4C361C8E627C00D538CE /* logo-27 (dragged).png */,
				967B4C371C8E627C00D538CE /* logo-28 (dragged).png */,
				967B4C381C8E627C00D538CE /* logo-29 (dragged).png */,
				967B4C391C8E627C00D538CE /* logo-30 (dragged).png */,
				967B4C3A1C8E627C00D538CE /* logo-31 (dragged).png */,
				967B4C3B1C8E627C00D538CE /* logo-32 (dragged).png */,
				967B4C3C1C8E627C00D538CE /* logo-33 (dragged).png */,
				967B4C3D1C8E627C00D538CE /* logo-34 (dragged).png */,
				967B4C3E1C8E627C00D538CE /* logo-35 (dragged).png */,
				967B4C3F1C8E627C00D538CE /* logo-36 (dragged).png */,
				967B4C401C8E627C00D538CE /* logo-37 (dragged).png */,
				967B4C411C8E627C00D538CE /* logo-38 (dragged).png */,
				967B4C421C8E627C00D538CE /* logo-39 (dragged).png */,
				967B4C431C8E627C00D538CE /* logo-40 (dragged).png */,
				967B4C441C8E627C00D538CE /* logo-41 (dragged).png */,
				967B4C451C8E627C00D538CE /* logo-42 (dragged).png */,
				967B4C461C8E627C00D538CE /* logo-43 (dragged).png */,
				967B4C471C8E627C00D538CE /* logo-44 (dragged).png */,
				967B4C481C8E627C00D538CE /* logo-45 (dragged).png */,
				967B4C491C8E627C00D538CE /* logo-46 (dragged).png */,
				967B4C4A1C8E627C00D538CE /* logo-47 (dragged).png */,
				967B4C4B1C8E627C00D538CE /* logo-48 (dragged).png */,
				967B4C4C1C8E627C00D538CE /* logo-49 (dragged).png */,
				967B4C4D1C8E627C00D538CE /* logo-50 (dragged).png */,
				967B4C4E1C8E627C00D538CE /* logo-51 (dragged).png */,
				967B4C4F1C8E627C00D538CE /* logo-52 (dragged).png */,
				967B4C501C8E627C00D538CE /* logo-53 (dragged).png */,
				967B4C511C8E627C00D538CE /* logo-54 (dragged).png */,
				967B4C521C8E627C00D538CE /* logo-55 (dragged).png */,
				967B4C531C8E627C00D538CE /* logo-56 (dragged).png */,
				967B4C541C8E627C00D538CE /* logo-57 (dragged).png */,
				967B4C551C8E627C00D538CE /* logo-58 (dragged).png */,
				967B4C561C8E627C00D538CE /* logo-59 (dragged).png */,
				967B4C571C8E627C00D538CE /* logo-60 (dragged).png */,
				967B4C581C8E627C00D538CE /* logo-61 (dragged).png */,
				967B4C591C8E627C00D538CE /* logo-62 (dragged).png */,
				967B4C5A1C8E627C00D538CE /* logo-63 (dragged).png */,
				967B4C5B1C8E627C00D538CE /* logo-64 (dragged).png */,
				967B4C5C1C8E627C00D538CE /* logo-65 (dragged).png */,
				967B4C5D1C8E627C00D538CE /* logo-66 (dragged).png */,
				967B4C5E1C8E627C00D538CE /* logo-67 (dragged).png */,
				967B4C5F1C8E627C00D538CE /* logo-68 (dragged).png */,
				967B4C601C8E627C00D538CE /* logo-69 (dragged).png */,
				967B4C611C8E627C00D538CE /* logo-70 (dragged).png */,
				967B4C621C8E627C00D538CE /* logo-71 (dragged).png */,
				967B4C631C8E627C00D538CE /* logo-72 (dragged).png */,
				967B4C641C8E627C00D538CE /* logo-73 (dragged).png */,
				967B4C651C8E627C00D538CE /* logo-74 (dragged).png */,
				967B4C661C8E627C00D538CE /* logo-75 (dragged).png */,
				967B4C671C8E627C00D538CE /* logo-76 (dragged).png */,
				967B4C681C8E627C00D538CE /* logo-77 (dragged).png */,
				967B4C691C8E627C00D538CE /* logo-78 (dragged).png */,
				967B4C6A1C8E627C00D538CE /* logo-79 (dragged).png */,
				967B4C6B1C8E627C00D538CE /* logo-80 (dragged).png */,
				967B4C6C1C8E627C00D538CE /* logo-81 (dragged).png */,
				967B4C6D1C8E627C00D538CE /* logo-82 (dragged).png */,
				967B4C6E1C8E627C00D538CE /* logo-83 (dragged).png */,
				967B4C6F1C8E627C00D538CE /* logo-84 (dragged).png */,
				967B4C701C8E627C00D538CE /* logo-85 (dragged).png */,
			);
			name = watson_logo;
			sourceTree = "<group>";
		};
/* End PBXGroup section */

/* Begin PBXNativeTarget section */
		967B4BD71C8E561500D538CE /* Watson_Dialog */ = {
			isa = PBXNativeTarget;
			buildConfigurationList = 967B4C001C8E561500D538CE /* Build configuration list for PBXNativeTarget "Watson_Dialog" */;
			buildPhases = (
				967B4BD41C8E561500D538CE /* Sources */,
				967B4BD51C8E561500D538CE /* Frameworks */,
				967B4BD61C8E561500D538CE /* Resources */,
			);
			buildRules = (
			);
			dependencies = (
			);
			name = Watson_Dialog;
			productName = Watson_Dialog;
			productReference = 967B4BD81C8E561500D538CE /* Watson_Dialog.app */;
			productType = "com.apple.product-type.application";
		};
		967B4BEB1C8E561500D538CE /* Watson_DialogTests */ = {
			isa = PBXNativeTarget;
			buildConfigurationList = 967B4C031C8E561500D538CE /* Build configuration list for PBXNativeTarget "Watson_DialogTests" */;
			buildPhases = (
				967B4BE81C8E561500D538CE /* Sources */,
				967B4BE91C8E561500D538CE /* Frameworks */,
				967B4BEA1C8E561500D538CE /* Resources */,
			);
			buildRules = (
			);
			dependencies = (
				967B4BEE1C8E561500D538CE /* PBXTargetDependency */,
			);
			name = Watson_DialogTests;
			productName = Watson_DialogTests;
			productReference = 967B4BEC1C8E561500D538CE /* Watson_DialogTests.xctest */;
			productType = "com.apple.product-type.bundle.unit-test";
		};
		967B4BF61C8E561500D538CE /* Watson_DialogUITests */ = {
			isa = PBXNativeTarget;
			buildConfigurationList = 967B4C061C8E561500D538CE /* Build configuration list for PBXNativeTarget "Watson_DialogUITests" */;
			buildPhases = (
				967B4BF31C8E561500D538CE /* Sources */,
				967B4BF41C8E561500D538CE /* Frameworks */,
				967B4BF51C8E561500D538CE /* Resources */,
			);
			buildRules = (
			);
			dependencies = (
				967B4BF91C8E561500D538CE /* PBXTargetDependency */,
			);
			name = Watson_DialogUITests;
			productName = Watson_DialogUITests;
			productReference = 967B4BF71C8E561500D538CE /* Watson_DialogUITests.xctest */;
			productType = "com.apple.product-type.bundle.ui-testing";
		};
/* End PBXNativeTarget section */

/* Begin PBXProject section */
		967B4BD01C8E561500D538CE /* Project object */ = {
			isa = PBXProject;
			attributes = {
				LastSwiftUpdateCheck = 0720;
				LastUpgradeCheck = 0720;
				ORGANIZATIONNAME = Archetapp;
				TargetAttributes = {
					967B4BD71C8E561500D538CE = {
						CreatedOnToolsVersion = 7.2.1;
						DevelopmentTeam = JRXKU2XCE8;
					};
					967B4BEB1C8E561500D538CE = {
						CreatedOnToolsVersion = 7.2.1;
						DevelopmentTeam = JRXKU2XCE8;
						TestTargetID = 967B4BD71C8E561500D538CE;
					};
					967B4BF61C8E561500D538CE = {
						CreatedOnToolsVersion = 7.2.1;
						DevelopmentTeam = JRXKU2XCE8;
						TestTargetID = 967B4BD71C8E561500D538CE;
					};
				};
			};
			buildConfigurationList = 967B4BD31C8E561500D538CE /* Build configuration list for PBXProject "Watson_Dialog" */;
			compatibilityVersion = "Xcode 3.2";
			developmentRegion = English;
			hasScannedForEncodings = 0;
			knownRegions = (
				en,
				Base,
			);
			mainGroup = 967B4BCF1C8E561500D538CE;
			productRefGroup = 967B4BD91C8E561500D538CE /* Products */;
			projectDirPath = "";
			projectRoot = "";
			targets = (
				967B4BD71C8E561500D538CE /* Watson_Dialog */,
				967B4BEB1C8E561500D538CE /* Watson_DialogTests */,
				967B4BF61C8E561500D538CE /* Watson_DialogUITests */,
			);
		};
/* End PBXProject section */

/* Begin PBXResourcesBuildPhase section */
		967B4BD61C8E561500D538CE /* Resources */ = {
			isa = PBXResourcesBuildPhase;
			buildActionMask = 2147483647;
			files = (
				96DDF5C61C90C2EA006B21A0 /* logo-4 (dragged).png in Resources */,
				967B4C8F1C8E627C00D538CE /* logo-50 (dragged).png in Resources */,
				96DDF60B1C90C2EA006B21A0 /* logo-73 (dragged).png in Resources */,
				967B4C8C1C8E627C00D538CE /* logo-47 (dragged).png in Resources */,
				967B4C971C8E627C00D538CE /* logo-58 (dragged).png in Resources */,
				96DDF6121C90C2EA006B21A0 /* logo-80 (dragged).png in Resources */,
				96DDF5D21C90C2EA006B21A0 /* logo-16 (dragged).png in Resources */,
				96DDF5EE1C90C2EA006B21A0 /* logo-44 (dragged).png in Resources */,
				96DDF5DC1C90C2EA006B21A0 /* logo-26 (dragged).png in Resources */,
				96DDF5C91C90C2EA006B21A0 /* logo-7 (dragged).png in Resources */,
				96DDF5FC1C90C2EA006B21A0 /* logo-58 (dragged).png in Resources */,
				96DDF6101C90C2EA006B21A0 /* logo-78 (dragged).png in Resources */,
				96DDF5DD1C90C2EA006B21A0 /* logo-27 (dragged).png in Resources */,
				967B4C9D1C8E627C00D538CE /* logo-64 (dragged).png in Resources */,
				96DDF6061C90C2EA006B21A0 /* logo-68 (dragged).png in Resources */,
				96DDF5EA1C90C2EA006B21A0 /* logo-40 (dragged).png in Resources */,
				967B4CA21C8E627C00D538CE /* logo-69 (dragged).png in Resources */,
				96DDF6111C90C2EA006B21A0 /* logo-79 (dragged).png in Resources */,
				96DDF6051C90C2EA006B21A0 /* logo-67 (dragged).png in Resources */,
				967B4C9E1C8E627C00D538CE /* logo-65 (dragged).png in Resources */,
				96DDF5E51C90C2EA006B21A0 /* logo-35 (dragged).png in Resources */,
				967B4BE61C8E561500D538CE /* LaunchScreen.storyboard in Resources */,
				967B4CAD1C8E627C00D538CE /* logo-80 (dragged).png in Resources */,
				96DDF60C1C90C2EA006B21A0 /* logo-74 (dragged).png in Resources */,
				967B4CA51C8E627C00D538CE /* logo-72 (dragged).png in Resources */,
				967B4C8E1C8E627C00D538CE /* logo-49 (dragged).png in Resources */,
				967B4CB21C8E627C00D538CE /* logo-85 (dragged).png in Resources */,
				967B4C931C8E627C00D538CE /* logo-54 (dragged).png in Resources */,
				96DDF5F11C90C2EA006B21A0 /* logo-47 (dragged).png in Resources */,
				96DDF6161C90C2EA006B21A0 /* logo-84 (dragged).png in Resources */,
				967B4C791C8E627C00D538CE /* logo-28 (dragged).png in Resources */,
				96DDF5CF1C90C2EA006B21A0 /* logo-13 (dragged).png in Resources */,
				96DDF5F61C90C2EA006B21A0 /* logo-52 (dragged).png in Resources */,
				96DDF5E91C90C2EA006B21A0 /* logo-39 (dragged).png in Resources */,
				96DDF5E71C90C2EA006B21A0 /* logo-37 (dragged).png in Resources */,
				96DDF6141C90C2EA006B21A0 /* logo-82 (dragged).png in Resources */,
				96DDF5E61C90C2EA006B21A0 /* logo-36 (dragged).png in Resources */,
				96DDF5C51C90C2EA006B21A0 /* logo-3 (dragged).png in Resources */,
				96DDF6021C90C2EA006B21A0 /* logo-64 (dragged).png in Resources */,
				96DDF6071C90C2EA006B21A0 /* logo-69 (dragged).png in Resources */,
				967B4C891C8E627C00D538CE /* logo-44 (dragged).png in Resources */,
				96DDF5C41C90C2EA006B21A0 /* logo-2 (dragged).png in Resources */,
				967B4C951C8E627C00D538CE /* logo-56 (dragged).png in Resources */,
				96DDF5D81C90C2EA006B21A0 /* logo-22 (dragged).png in Resources */,
				96DDF5E21C90C2EA006B21A0 /* logo-32 (dragged).png in Resources */,
				96DDF5C81C90C2EA006B21A0 /* logo-6 (dragged).png in Resources */,
				96DDF6031C90C2EA006B21A0 /* logo-65 (dragged).png in Resources */,
				96DDF5CB1C90C2EA006B21A0 /* logo-9 (dragged).png in Resources */,
				967B4CAB1C8E627C00D538CE /* logo-78 (dragged).png in Resources */,
				96DDF5DF1C90C2EA006B21A0 /* logo-29 (dragged).png in Resources */,
				96DDF5D51C90C2EA006B21A0 /* logo-19 (dragged).png in Resources */,
				96DDF5D61C90C2EA006B21A0 /* logo-20 (dragged).png in Resources */,
				96DDF5CE1C90C2EA006B21A0 /* logo-12 (dragged).png in Resources */,
				967B4C7F1C8E627C00D538CE /* logo-34 (dragged).png in Resources */,
				96DDF6171C90C2EA006B21A0 /* logo-85 (dragged).png in Resources */,
				967B4C9A1C8E627C00D538CE /* logo-61 (dragged).png in Resources */,
				96DDF6011C90C2EA006B21A0 /* logo-63 (dragged).png in Resources */,
				967B4C731C8E627C00D538CE /* logo-22 (dragged).png in Resources */,
				96DDF60E1C90C2EA006B21A0 /* logo-76 (dragged).png in Resources */,
				967B4C851C8E627C00D538CE /* logo-40 (dragged).png in Resources */,
				96DDF5CA1C90C2EA006B21A0 /* logo-8 (dragged).png in Resources */,
				96DDF5F91C90C2EA006B21A0 /* logo-55 (dragged).png in Resources */,
				967B4C831C8E627C00D538CE /* logo-38 (dragged).png in Resources */,
				967B4C881C8E627C00D538CE /* logo-43 (dragged).png in Resources */,
				96DDF6001C90C2EA006B21A0 /* logo-62 (dragged).png in Resources */,
				96DDF5F41C90C2EA006B21A0 /* logo-50 (dragged).png in Resources */,
				967B4C7C1C8E627C00D538CE /* logo-31 (dragged).png in Resources */,
				967B4CA11C8E627C00D538CE /* logo-68 (dragged).png in Resources */,
				967B4C8B1C8E627C00D538CE /* logo-46 (dragged).png in Resources */,
				96DDF5F51C90C2EA006B21A0 /* logo-51 (dragged).png in Resources */,
				967B4CAE1C8E627C00D538CE /* logo-81 (dragged).png in Resources */,
				96DDF5F21C90C2EA006B21A0 /* logo-48 (dragged).png in Resources */,
				96DDF5EF1C90C2EA006B21A0 /* logo-45 (dragged).png in Resources */,
				967B4C721C8E627C00D538CE /* logo-21 (dragged).png in Resources */,
				96DDF6041C90C2EA006B21A0 /* logo-66 (dragged).png in Resources */,
				967B4C811C8E627C00D538CE /* logo-36 (dragged).png in Resources */,
				967B4CAF1C8E627C00D538CE /* logo-82 (dragged).png in Resources */,
				96DDF5D71C90C2EA006B21A0 /* logo-21 (dragged).png in Resources */,
				967B4C9C1C8E627C00D538CE /* logo-63 (dragged).png in Resources */,
				96DDF5DE1C90C2EA006B21A0 /* logo-28 (dragged).png in Resources */,
				96DDF5F01C90C2EA006B21A0 /* logo-46 (dragged).png in Resources */,
				967B4C9F1C8E627C00D538CE /* logo-66 (dragged).png in Resources */,
				96DDF5D91C90C2EA006B21A0 /* logo-23 (dragged).png in Resources */,
				967B4C771C8E627C00D538CE /* logo-26 (dragged).png in Resources */,
				96DDF5E31C90C2EA006B21A0 /* logo-33 (dragged).png in Resources */,
				967B4BE31C8E561500D538CE /* Assets.xcassets in Resources */,
				96DDF60D1C90C2EA006B21A0 /* logo-75 (dragged).png in Resources */,
				96DDF5D41C90C2EA006B21A0 /* logo-18 (dragged).png in Resources */,
				967B4BE11C8E561500D538CE /* Main.storyboard in Resources */,
				96DDF5DA1C90C2EA006B21A0 /* logo-24 (dragged).png in Resources */,
				967B4C7A1C8E627C00D538CE /* logo-29 (dragged).png in Resources */,
				967B4C741C8E627C00D538CE /* logo-23 (dragged).png in Resources */,
				967B4C911C8E627C00D538CE /* logo-52 (dragged).png in Resources */,
				96DDF5FB1C90C2EA006B21A0 /* logo-57 (dragged).png in Resources */,
				967B4C761C8E627C00D538CE /* logo-25 (dragged).png in Resources */,
				96DDF6151C90C2EA006B21A0 /* logo-83 (dragged).png in Resources */,
				96DDF5E81C90C2EA006B21A0 /* logo-38 (dragged).png in Resources */,
				96DDF5CC1C90C2EA006B21A0 /* logo-10 (dragged).png in Resources */,
				967B4C781C8E627C00D538CE /* logo-27 (dragged).png in Resources */,
				967B4C991C8E627C00D538CE /* logo-60 (dragged).png in Resources */,
				96DDF5DB1C90C2EA006B21A0 /* logo-25 (dragged).png in Resources */,
				96DDF5EC1C90C2EA006B21A0 /* logo-42 (dragged).png in Resources */,
				96DDF5ED1C90C2EA006B21A0 /* logo-43 (dragged).png in Resources */,
				96DDF5C71C90C2EA006B21A0 /* logo-5 (dragged).png in Resources */,
				967B4C921C8E627C00D538CE /* logo-53 (dragged).png in Resources */,
				967B4C861C8E627C00D538CE /* logo-41 (dragged).png in Resources */,
				967B4CAA1C8E627C00D538CE /* logo-77 (dragged).png in Resources */,
				967B4C751C8E627C00D538CE /* logo-24 (dragged).png in Resources */,
				96DDF5D11C90C2EA006B21A0 /* logo-15 (dragged).png in Resources */,
				967B4C941C8E627C00D538CE /* logo-55 (dragged).png in Resources */,
				96DDF6081C90C2EA006B21A0 /* logo-70 (dragged).png in Resources */,
				967B4C841C8E627C00D538CE /* logo-39 (dragged).png in Resources */,
				96DDF5C31C90C2EA006B21A0 /* logo-1 (dragged).png in Resources */,
				967B4CA61C8E627C00D538CE /* logo-73 (dragged).png in Resources */,
				967B4C801C8E627C00D538CE /* logo-35 (dragged).png in Resources */,
				967B4CA91C8E627C00D538CE /* logo-76 (dragged).png in Resources */,
				96DDF5FE1C90C2EA006B21A0 /* logo-60 (dragged).png in Resources */,
				96DDF5EB1C90C2EA006B21A0 /* logo-41 (dragged).png in Resources */,
				967B4C821C8E627C00D538CE /* logo-37 (dragged).png in Resources */,
				96DDF5F71C90C2EA006B21A0 /* logo-53 (dragged).png in Resources */,
				967B4C8D1C8E627C00D538CE /* logo-48 (dragged).png in Resources */,
				96DDF5D01C90C2EA006B21A0 /* logo-14 (dragged).png in Resources */,
				967B4C711C8E627C00D538CE /* logo-20 (dragged).png in Resources */,
				96DDF5F31C90C2EA006B21A0 /* logo-49 (dragged).png in Resources */,
				967B4CB01C8E627C00D538CE /* logo-83 (dragged).png in Resources */,
				967B4C961C8E627C00D538CE /* logo-57 (dragged).png in Resources */,
				96DDF5D31C90C2EA006B21A0 /* logo-17 (dragged).png in Resources */,
				967B4CA31C8E627C00D538CE /* logo-70 (dragged).png in Resources */,
				96DDF5FF1C90C2EA006B21A0 /* logo-61 (dragged).png in Resources */,
				967B4C7E1C8E627C00D538CE /* logo-33 (dragged).png in Resources */,
				967B4C871C8E627C00D538CE /* logo-42 (dragged).png in Resources */,
				96DDF5E01C90C2EA006B21A0 /* logo-30 (dragged).png in Resources */,
				967B4C981C8E627C00D538CE /* logo-59 (dragged).png in Resources */,
				967B4C9B1C8E627C00D538CE /* logo-62 (dragged).png in Resources */,
				96DDF5F81C90C2EA006B21A0 /* logo-54 (dragged).png in Resources */,
				96DDF5FA1C90C2EA006B21A0 /* logo-56 (dragged).png in Resources */,
				96DDF60A1C90C2EA006B21A0 /* logo-72 (dragged).png in Resources */,
				967B4CB11C8E627C00D538CE /* logo-84 (dragged).png in Resources */,
				967B4C7D1C8E627C00D538CE /* logo-32 (dragged).png in Resources */,
				967B4C901C8E627C00D538CE /* logo-51 (dragged).png in Resources */,
				96DDF60F1C90C2EA006B21A0 /* logo-77 (dragged).png in Resources */,
				96DDF6131C90C2EA006B21A0 /* logo-81 (dragged).png in Resources */,
				96DDF5E11C90C2EA006B21A0 /* logo-31 (dragged).png in Resources */,
				96DDF5CD1C90C2EA006B21A0 /* logo-11 (dragged).png in Resources */,
				967B4CA71C8E627C00D538CE /* logo-74 (dragged).png in Resources */,
				967B4CAC1C8E627C00D538CE /* logo-79 (dragged).png in Resources */,
				967B4C7B1C8E627C00D538CE /* logo-30 (dragged).png in Resources */,
				967B4CA81C8E627C00D538CE /* logo-75 (dragged).png in Resources */,
				967B4C8A1C8E627C00D538CE /* logo-45 (dragged).png in Resources */,
				96DDF5E41C90C2EA006B21A0 /* logo-34 (dragged).png in Resources */,
				96DDF5FD1C90C2EA006B21A0 /* logo-59 (dragged).png in Resources */,
				967B4CA01C8E627C00D538CE /* logo-67 (dragged).png in Resources */,
				967B4CA41C8E627C00D538CE /* logo-71 (dragged).png in Resources */,
				96DDF6091C90C2EA006B21A0 /* logo-71 (dragged).png in Resources */,
			);
			runOnlyForDeploymentPostprocessing = 0;
		};
		967B4BEA1C8E561500D538CE /* Resources */ = {
			isa = PBXResourcesBuildPhase;
			buildActionMask = 2147483647;
			files = (
			);
			runOnlyForDeploymentPostprocessing = 0;
		};
		967B4BF51C8E561500D538CE /* Resources */ = {
			isa = PBXResourcesBuildPhase;
			buildActionMask = 2147483647;
			files = (
			);
			runOnlyForDeploymentPostprocessing = 0;
		};
/* End PBXResourcesBuildPhase section */

/* Begin PBXSourcesBuildPhase section */
		967B4BD41C8E561500D538CE /* Sources */ = {
			isa = PBXSourcesBuildPhase;
			buildActionMask = 2147483647;
			files = (
				96B605C01C8F38E1004ABBE1 /* SecondViewController.swift in Sources */,
				967B4BDE1C8E561500D538CE /* ViewController.swift in Sources */,
				9614456C1C91DBAE00685E65 /* UIViewExtensions.swift in Sources */,
				967B4BDC1C8E561500D538CE /* AppDelegate.swift in Sources */,
			);
			runOnlyForDeploymentPostprocessing = 0;
		};
		967B4BE81C8E561500D538CE /* Sources */ = {
			isa = PBXSourcesBuildPhase;
			buildActionMask = 2147483647;
			files = (
				967B4BF11C8E561500D538CE /* Watson_DialogTests.swift in Sources */,
			);
			runOnlyForDeploymentPostprocessing = 0;
		};
		967B4BF31C8E561500D538CE /* Sources */ = {
			isa = PBXSourcesBuildPhase;
			buildActionMask = 2147483647;
			files = (
				967B4BFC1C8E561500D538CE /* Watson_DialogUITests.swift in Sources */,
			);
			runOnlyForDeploymentPostprocessing = 0;
		};
/* End PBXSourcesBuildPhase section */

/* Begin PBXTargetDependency section */
		967B4BEE1C8E561500D538CE /* PBXTargetDependency */ = {
			isa = PBXTargetDependency;
			target = 967B4BD71C8E561500D538CE /* Watson_Dialog */;
			targetProxy = 967B4BED1C8E561500D538CE /* PBXContainerItemProxy */;
		};
		967B4BF91C8E561500D538CE /* PBXTargetDependency */ = {
			isa = PBXTargetDependency;
			target = 967B4BD71C8E561500D538CE /* Watson_Dialog */;
			targetProxy = 967B4BF81C8E561500D538CE /* PBXContainerItemProxy */;
		};
/* End PBXTargetDependency section */

/* Begin PBXVariantGroup section */
		967B4BDF1C8E561500D538CE /* Main.storyboard */ = {
			isa = PBXVariantGroup;
			children = (
				967B4BE01C8E561500D538CE /* Base */,
			);
			name = Main.storyboard;
			sourceTree = "<group>";
		};
		967B4BE41C8E561500D538CE /* LaunchScreen.storyboard */ = {
			isa = PBXVariantGroup;
			children = (
				967B4BE51C8E561500D538CE /* Base */,
			);
			name = LaunchScreen.storyboard;
			sourceTree = "<group>";
		};
/* End PBXVariantGroup section */

/* Begin XCBuildConfiguration section */
		967B4BFE1C8E561500D538CE /* Debug */ = {
			isa = XCBuildConfiguration;
			buildSettings = {
				ALWAYS_SEARCH_USER_PATHS = NO;
				CLANG_CXX_LANGUAGE_STANDARD = "gnu++0x";
				CLANG_CXX_LIBRARY = "libc++";
				CLANG_ENABLE_MODULES = YES;
				CLANG_ENABLE_OBJC_ARC = YES;
				CLANG_WARN_BOOL_CONVERSION = YES;
				CLANG_WARN_CONSTANT_CONVERSION = YES;
				CLANG_WARN_DIRECT_OBJC_ISA_USAGE = YES_ERROR;
				CLANG_WARN_EMPTY_BODY = YES;
				CLANG_WARN_ENUM_CONVERSION = YES;
				CLANG_WARN_INT_CONVERSION = YES;
				CLANG_WARN_OBJC_ROOT_CLASS = YES_ERROR;
				CLANG_WARN_UNREACHABLE_CODE = YES;
				CLANG_WARN__DUPLICATE_METHOD_MATCH = YES;
				"CODE_SIGN_IDENTITY[sdk=iphoneos*]" = "iPhone Developer";
				COPY_PHASE_STRIP = NO;
				DEBUG_INFORMATION_FORMAT = dwarf;
				ENABLE_STRICT_OBJC_MSGSEND = YES;
				ENABLE_TESTABILITY = YES;
				GCC_C_LANGUAGE_STANDARD = gnu99;
				GCC_DYNAMIC_NO_PIC = NO;
				GCC_NO_COMMON_BLOCKS = YES;
				GCC_OPTIMIZATION_LEVEL = 0;
				GCC_PREPROCESSOR_DEFINITIONS = (
					"DEBUG=1",
					"$(inherited)",
				);
				GCC_WARN_64_TO_32_BIT_CONVERSION = YES;
				GCC_WARN_ABOUT_RETURN_TYPE = YES_ERROR;
				GCC_WARN_UNDECLARED_SELECTOR = YES;
				GCC_WARN_UNINITIALIZED_AUTOS = YES_AGGRESSIVE;
				GCC_WARN_UNUSED_FUNCTION = YES;
				GCC_WARN_UNUSED_VARIABLE = YES;
				IPHONEOS_DEPLOYMENT_TARGET = 9.2;
				MTL_ENABLE_DEBUG_INFO = YES;
				ONLY_ACTIVE_ARCH = YES;
				SDKROOT = iphoneos;
				SWIFT_OPTIMIZATION_LEVEL = "-Onone";
				TARGETED_DEVICE_FAMILY = "1,2";
			};
			name = Debug;
		};
		967B4BFF1C8E561500D538CE /* Release */ = {
			isa = XCBuildConfiguration;
			buildSettings = {
				ALWAYS_SEARCH_USER_PATHS = NO;
				CLANG_CXX_LANGUAGE_STANDARD = "gnu++0x";
				CLANG_CXX_LIBRARY = "libc++";
				CLANG_ENABLE_MODULES = YES;
				CLANG_ENABLE_OBJC_ARC = YES;
				CLANG_WARN_BOOL_CONVERSION = YES;
				CLANG_WARN_CONSTANT_CONVERSION = YES;
				CLANG_WARN_DIRECT_OBJC_ISA_USAGE = YES_ERROR;
				CLANG_WARN_EMPTY_BODY = YES;
				CLANG_WARN_ENUM_CONVERSION = YES;
				CLANG_WARN_INT_CONVERSION = YES;
				CLANG_WARN_OBJC_ROOT_CLASS = YES_ERROR;
				CLANG_WARN_UNREACHABLE_CODE = YES;
				CLANG_WARN__DUPLICATE_METHOD_MATCH = YES;
				"CODE_SIGN_IDENTITY[sdk=iphoneos*]" = "iPhone Developer";
				COPY_PHASE_STRIP = NO;
				DEBUG_INFORMATION_FORMAT = "dwarf-with-dsym";
				ENABLE_NS_ASSERTIONS = NO;
				ENABLE_STRICT_OBJC_MSGSEND = YES;
				GCC_C_LANGUAGE_STANDARD = gnu99;
				GCC_NO_COMMON_BLOCKS = YES;
				GCC_WARN_64_TO_32_BIT_CONVERSION = YES;
				GCC_WARN_ABOUT_RETURN_TYPE = YES_ERROR;
				GCC_WARN_UNDECLARED_SELECTOR = YES;
				GCC_WARN_UNINITIALIZED_AUTOS = YES_AGGRESSIVE;
				GCC_WARN_UNUSED_FUNCTION = YES;
				GCC_WARN_UNUSED_VARIABLE = YES;
				IPHONEOS_DEPLOYMENT_TARGET = 9.2;
				MTL_ENABLE_DEBUG_INFO = NO;
				SDKROOT = iphoneos;
				TARGETED_DEVICE_FAMILY = "1,2";
				VALIDATE_PRODUCT = YES;
			};
			name = Release;
		};
		967B4C011C8E561500D538CE /* Debug */ = {
			isa = XCBuildConfiguration;
			buildSettings = {
				ASSETCATALOG_COMPILER_APPICON_NAME = AppIcon;
				INFOPLIST_FILE = Watson_Dialog/Info.plist;
				LD_RUNPATH_SEARCH_PATHS = "$(inherited) @executable_path/Frameworks";
				PRODUCT_BUNDLE_IDENTIFIER = "Archetapp.Watson-Dialog";
				PRODUCT_NAME = "$(TARGET_NAME)";
			};
			name = Debug;
		};
		967B4C021C8E561500D538CE /* Release */ = {
			isa = XCBuildConfiguration;
			buildSettings = {
				ASSETCATALOG_COMPILER_APPICON_NAME = AppIcon;
				INFOPLIST_FILE = Watson_Dialog/Info.plist;
				LD_RUNPATH_SEARCH_PATHS = "$(inherited) @executable_path/Frameworks";
				PRODUCT_BUNDLE_IDENTIFIER = "Archetapp.Watson-Dialog";
				PRODUCT_NAME = "$(TARGET_NAME)";
			};
			name = Release;
		};
		967B4C041C8E561500D538CE /* Debug */ = {
			isa = XCBuildConfiguration;
			buildSettings = {
				BUNDLE_LOADER = "$(TEST_HOST)";
				INFOPLIST_FILE = Watson_DialogTests/Info.plist;
				LD_RUNPATH_SEARCH_PATHS = "$(inherited) @executable_path/Frameworks @loader_path/Frameworks";
				PRODUCT_BUNDLE_IDENTIFIER = "Archetapp.Watson-DialogTests";
				PRODUCT_NAME = "$(TARGET_NAME)";
				TEST_HOST = "$(BUILT_PRODUCTS_DIR)/Watson_Dialog.app/Watson_Dialog";
			};
			name = Debug;
		};
		967B4C051C8E561500D538CE /* Release */ = {
			isa = XCBuildConfiguration;
			buildSettings = {
				BUNDLE_LOADER = "$(TEST_HOST)";
				INFOPLIST_FILE = Watson_DialogTests/Info.plist;
				LD_RUNPATH_SEARCH_PATHS = "$(inherited) @executable_path/Frameworks @loader_path/Frameworks";
				PRODUCT_BUNDLE_IDENTIFIER = "Archetapp.Watson-DialogTests";
				PRODUCT_NAME = "$(TARGET_NAME)";
				TEST_HOST = "$(BUILT_PRODUCTS_DIR)/Watson_Dialog.app/Watson_Dialog";
			};
			name = Release;
		};
		967B4C071C8E561500D538CE /* Debug */ = {
			isa = XCBuildConfiguration;
			buildSettings = {
				INFOPLIST_FILE = Watson_DialogUITests/Info.plist;
				LD_RUNPATH_SEARCH_PATHS = "$(inherited) @executable_path/Frameworks @loader_path/Frameworks";
				PRODUCT_BUNDLE_IDENTIFIER = "Archetapp.Watson-DialogUITests";
				PRODUCT_NAME = "$(TARGET_NAME)";
				TEST_TARGET_NAME = Watson_Dialog;
				USES_XCTRUNNER = YES;
			};
			name = Debug;
		};
		967B4C081C8E561500D538CE /* Release */ = {
			isa = XCBuildConfiguration;
			buildSettings = {
				INFOPLIST_FILE = Watson_DialogUITests/Info.plist;
				LD_RUNPATH_SEARCH_PATHS = "$(inherited) @executable_path/Frameworks @loader_path/Frameworks";
				PRODUCT_BUNDLE_IDENTIFIER = "Archetapp.Watson-DialogUITests";
				PRODUCT_NAME = "$(TARGET_NAME)";
				TEST_TARGET_NAME = Watson_Dialog;
				USES_XCTRUNNER = YES;
			};
			name = Release;
		};
/* End XCBuildConfiguration section */

/* Begin XCConfigurationList section */
		967B4BD31C8E561500D538CE /* Build configuration list for PBXProject "Watson_Dialog" */ = {
			isa = XCConfigurationList;
			buildConfigurations = (
				967B4BFE1C8E561500D538CE /* Debug */,
				967B4BFF1C8E561500D538CE /* Release */,
			);
			defaultConfigurationIsVisible = 0;
			defaultConfigurationName = Release;
		};
		967B4C001C8E561500D538CE /* Build configuration list for PBXNativeTarget "Watson_Dialog" */ = {
			isa = XCConfigurationList;
			buildConfigurations = (
				967B4C011C8E561500D538CE /* Debug */,
				967B4C021C8E561500D538CE /* Release */,
			);
			defaultConfigurationIsVisible = 0;
			defaultConfigurationName = Release;
		};
		967B4C031C8E561500D538CE /* Build configuration list for PBXNativeTarget "Watson_DialogTests" */ = {
			isa = XCConfigurationList;
			buildConfigurations = (
				967B4C041C8E561500D538CE /* Debug */,
				967B4C051C8E561500D538CE /* Release */,
			);
			defaultConfigurationIsVisible = 0;
			defaultConfigurationName = Release;
		};
		967B4C061C8E561500D538CE /* Build configuration list for PBXNativeTarget "Watson_DialogUITests" */ = {
			isa = XCConfigurationList;
			buildConfigurations = (
				967B4C071C8E561500D538CE /* Debug */,
				967B4C081C8E561500D538CE /* Release */,
			);
			defaultConfigurationIsVisible = 0;
			defaultConfigurationName = Release;
		};
/* End XCConfigurationList section */
	};
	rootObject = 967B4BD01C8E561500D538CE /* Project object */;
}
